
Microsoft Visual Studio Solution File, Format Version 12.00
# Visual Studio Version 17
VisualStudioVersion = 17.14.36414.22
MinimumVisualStudioVersion = 10.0.40219.1
Project("{FAE04EC0-301F-11D3-BF4B-00C04F79EFBC}") = "01-PInvoke (MessageBox and Beep)", "SP P-36\01-PInvoke (MessageBox and Beep).csproj", "{5E9A5803-E9BE-4BBE-8C47-5E7C710A30C2}"
EndProject
Project("{FAE04EC0-301F-11D3-BF4B-00C04F79EFBC}") = "02-PInvoke (FindWindow)", "PInvoke (FindWindow)\02-PInvoke (FindWindow).csproj", "{03CFF8BE-2762-4359-80AD-6EB837BEC319}"
EndProject
Project("{FAE04EC0-301F-11D3-BF4B-00C04F79EFBC}") = "03_PInvoke user func (from C++)", "03_PInvoke user func (from C++)\03_PInvoke user func (from C++).csproj", "{8FAC8B8F-D58F-469C-8F8E-2E418B82F377}"
EndProject
Project("{8BC9CEB8-8B4A-11D0-8D11-00A0C91BC942}") = "UserFunc Project", "UserFunc Project\UserFunc Project.vcxproj", "{523E62F2-A93C-438F-970D-2D01CF7596B3}"
EndProject
Project("{2150E333-8FDC-42A3-9474-1A3956D46DE8}") = "PInvoke", "PInvoke", "{02EA681E-C7D8-13C7-8484-4AC65E1B71E8}"
EndProject
Project("{2150E333-8FDC-42A3-9474-1A3956D46DE8}") = "Processes", "Processes", "{F6632F6E-9777-4C9B-A178-DC2E0041BBE7}"
EndProject
Project("{FAE04EC0-301F-11D3-BF4B-00C04F79EFBC}") = "01-Create & start process", "01-Processes\01-Create & start process.csproj", "{0F49DD94-6BE0-4D86-A889-E1F768B2AADD}"
EndProject
Project("{FAE04EC0-301F-11D3-BF4B-00C04F79EFBC}") = "MyProgramWithExitCode", "MyProgramWuthExitCode\MyProgramWithExitCode.csproj", "{43F0B356-AD41-41D9-ACD9-9C0B258FEE8D}"
EndProject
Project("{FAE04EC0-301F-11D3-BF4B-00C04F79EFBC}") = "00-List of processes", "List of processes\00-List of processes.csproj", "{8B746547-0494-42CD-9C1F-4A4CFA03B24E}"
EndProject
Project("{FAE04EC0-301F-11D3-BF4B-00C04F79EFBC}") = "Close and Kill process", "Close and Kill process\Close and Kill process.csproj", "{5F7C30C5-0293-411F-A7B9-AE49F6DA2A45}"
EndProject
Project("{FAE04EC0-301F-11D3-BF4B-00C04F79EFBC}") = "ChildProcess-Hello", "ChildProcess-Hello\ChildProcess-Hello.csproj", "{822C71FF-1AC1-4C6D-96C0-92B4AEB637B4}"
EndProject
Project("{FAE04EC0-301F-11D3-BF4B-00C04F79EFBC}") = "Call child process with param", "Call child process with param\Call child process with param.csproj", "{D1E0CE7C-D426-46A5-9E2F-0106481880E4}"
EndProject
Global
	GlobalSection(SolutionConfigurationPlatforms) = preSolution
		Debug|Any CPU = Debug|Any CPU
		Debug|x64 = Debug|x64
		Debug|x86 = Debug|x86
		Release|Any CPU = Release|Any CPU
		Release|x64 = Release|x64
		Release|x86 = Release|x86
	EndGlobalSection
	GlobalSection(ProjectConfigurationPlatforms) = postSolution
		{5E9A5803-E9BE-4BBE-8C47-5E7C710A30C2}.Debug|Any CPU.ActiveCfg = Debug|Any CPU
		{5E9A5803-E9BE-4BBE-8C47-5E7C710A30C2}.Debug|Any CPU.Build.0 = Debug|Any CPU
		{5E9A5803-E9BE-4BBE-8C47-5E7C710A30C2}.Debug|x64.ActiveCfg = Debug|Any CPU
		{5E9A5803-E9BE-4BBE-8C47-5E7C710A30C2}.Debug|x64.Build.0 = Debug|Any CPU
		{5E9A5803-E9BE-4BBE-8C47-5E7C710A30C2}.Debug|x86.ActiveCfg = Debug|Any CPU
		{5E9A5803-E9BE-4BBE-8C47-5E7C710A30C2}.Debug|x86.Build.0 = Debug|Any CPU
		{5E9A5803-E9BE-4BBE-8C47-5E7C710A30C2}.Release|Any CPU.ActiveCfg = Release|Any CPU
		{5E9A5803-E9BE-4BBE-8C47-5E7C710A30C2}.Release|Any CPU.Build.0 = Release|Any CPU
		{5E9A5803-E9BE-4BBE-8C47-5E7C710A30C2}.Release|x64.ActiveCfg = Release|Any CPU
		{5E9A5803-E9BE-4BBE-8C47-5E7C710A30C2}.Release|x64.Build.0 = Release|Any CPU
		{5E9A5803-E9BE-4BBE-8C47-5E7C710A30C2}.Release|x86.ActiveCfg = Release|Any CPU
		{5E9A5803-E9BE-4BBE-8C47-5E7C710A30C2}.Release|x86.Build.0 = Release|Any CPU
		{03CFF8BE-2762-4359-80AD-6EB837BEC319}.Debug|Any CPU.ActiveCfg = Debug|Any CPU
		{03CFF8BE-2762-4359-80AD-6EB837BEC319}.Debug|Any CPU.Build.0 = Debug|Any CPU
		{03CFF8BE-2762-4359-80AD-6EB837BEC319}.Debug|x64.ActiveCfg = Debug|Any CPU
		{03CFF8BE-2762-4359-80AD-6EB837BEC319}.Debug|x64.Build.0 = Debug|Any CPU
		{03CFF8BE-2762-4359-80AD-6EB837BEC319}.Debug|x86.ActiveCfg = Debug|Any CPU
		{03CFF8BE-2762-4359-80AD-6EB837BEC319}.Debug|x86.Build.0 = Debug|Any CPU
		{03CFF8BE-2762-4359-80AD-6EB837BEC319}.Release|Any CPU.ActiveCfg = Release|Any CPU
		{03CFF8BE-2762-4359-80AD-6EB837BEC319}.Release|Any CPU.Build.0 = Release|Any CPU
		{03CFF8BE-2762-4359-80AD-6EB837BEC319}.Release|x64.ActiveCfg = Release|Any CPU
		{03CFF8BE-2762-4359-80AD-6EB837BEC319}.Release|x64.Build.0 = Release|Any CPU
		{03CFF8BE-2762-4359-80AD-6EB837BEC319}.Release|x86.ActiveCfg = Release|Any CPU
		{03CFF8BE-2762-4359-80AD-6EB837BEC319}.Release|x86.Build.0 = Release|Any CPU
		{8FAC8B8F-D58F-469C-8F8E-2E418B82F377}.Debug|Any CPU.ActiveCfg = Debug|Any CPU
		{8FAC8B8F-D58F-469C-8F8E-2E418B82F377}.Debug|Any CPU.Build.0 = Debug|Any CPU
		{8FAC8B8F-D58F-469C-8F8E-2E418B82F377}.Debug|x64.ActiveCfg = Debug|Any CPU
		{8FAC8B8F-D58F-469C-8F8E-2E418B82F377}.Debug|x64.Build.0 = Debug|Any CPU
		{8FAC8B8F-D58F-469C-8F8E-2E418B82F377}.Debug|x86.ActiveCfg = Debug|Any CPU
		{8FAC8B8F-D58F-469C-8F8E-2E418B82F377}.Debug|x86.Build.0 = Debug|Any CPU
		{8FAC8B8F-D58F-469C-8F8E-2E418B82F377}.Release|Any CPU.ActiveCfg = Release|Any CPU
		{8FAC8B8F-D58F-469C-8F8E-2E418B82F377}.Release|Any CPU.Build.0 = Release|Any CPU
		{8FAC8B8F-D58F-469C-8F8E-2E418B82F377}.Release|x64.ActiveCfg = Release|Any CPU
		{8FAC8B8F-D58F-469C-8F8E-2E418B82F377}.Release|x64.Build.0 = Release|Any CPU
		{8FAC8B8F-D58F-469C-8F8E-2E418B82F377}.Release|x86.ActiveCfg = Release|Any CPU
		{8FAC8B8F-D58F-469C-8F8E-2E418B82F377}.Release|x86.Build.0 = Release|Any CPU
		{523E62F2-A93C-438F-970D-2D01CF7596B3}.Debug|Any CPU.ActiveCfg = Debug|x64
		{523E62F2-A93C-438F-970D-2D01CF7596B3}.Debug|Any CPU.Build.0 = Debug|x64
		{523E62F2-A93C-438F-970D-2D01CF7596B3}.Debug|x64.ActiveCfg = Debug|x64
		{523E62F2-A93C-438F-970D-2D01CF7596B3}.Debug|x64.Build.0 = Debug|x64
		{523E62F2-A93C-438F-970D-2D01CF7596B3}.Debug|x86.ActiveCfg = Debug|Win32
		{523E62F2-A93C-438F-970D-2D01CF7596B3}.Debug|x86.Build.0 = Debug|Win32
		{523E62F2-A93C-438F-970D-2D01CF7596B3}.Release|Any CPU.ActiveCfg = Release|x64
		{523E62F2-A93C-438F-970D-2D01CF7596B3}.Release|Any CPU.Build.0 = Release|x64
		{523E62F2-A93C-438F-970D-2D01CF7596B3}.Release|x64.ActiveCfg = Release|x64
		{523E62F2-A93C-438F-970D-2D01CF7596B3}.Release|x64.Build.0 = Release|x64
		{523E62F2-A93C-438F-970D-2D01CF7596B3}.Release|x86.ActiveCfg = Release|Win32
		{523E62F2-A93C-438F-970D-2D01CF7596B3}.Release|x86.Build.0 = Release|Win32
		{0F49DD94-6BE0-4D86-A889-E1F768B2AADD}.Debug|Any CPU.ActiveCfg = Debug|Any CPU
		{0F49DD94-6BE0-4D86-A889-E1F768B2AADD}.Debug|Any CPU.Build.0 = Debug|Any CPU
		{0F49DD94-6BE0-4D86-A889-E1F768B2AADD}.Debug|x64.ActiveCfg = Debug|Any CPU
		{0F49DD94-6BE0-4D86-A889-E1F768B2AADD}.Debug|x64.Build.0 = Debug|Any CPU
		{0F49DD94-6BE0-4D86-A889-E1F768B2AADD}.Debug|x86.ActiveCfg = Debug|Any CPU
		{0F49DD94-6BE0-4D86-A889-E1F768B2AADD}.Debug|x86.Build.0 = Debug|Any CPU
		{0F49DD94-6BE0-4D86-A889-E1F768B2AADD}.Release|Any CPU.ActiveCfg = Release|Any CPU
		{0F49DD94-6BE0-4D86-A889-E1F768B2AADD}.Release|Any CPU.Build.0 = Release|Any CPU
		{0F49DD94-6BE0-4D86-A889-E1F768B2AADD}.Release|x64.ActiveCfg = Release|Any CPU
		{0F49DD94-6BE0-4D86-A889-E1F768B2AADD}.Release|x64.Build.0 = Release|Any CPU
		{0F49DD94-6BE0-4D86-A889-E1F768B2AADD}.Release|x86.ActiveCfg = Release|Any CPU
		{0F49DD94-6BE0-4D86-A889-E1F768B2AADD}.Release|x86.Build.0 = Release|Any CPU
		{43F0B356-AD41-41D9-ACD9-9C0B258FEE8D}.Debug|Any CPU.ActiveCfg = Debug|Any CPU
		{43F0B356-AD41-41D9-ACD9-9C0B258FEE8D}.Debug|Any CPU.Build.0 = Debug|Any CPU
		{43F0B356-AD41-41D9-ACD9-9C0B258FEE8D}.Debug|x64.ActiveCfg = Debug|Any CPU
		{43F0B356-AD41-41D9-ACD9-9C0B258FEE8D}.Debug|x64.Build.0 = Debug|Any CPU
		{43F0B356-AD41-41D9-ACD9-9C0B258FEE8D}.Debug|x86.ActiveCfg = Debug|Any CPU
		{43F0B356-AD41-41D9-ACD9-9C0B258FEE8D}.Debug|x86.Build.0 = Debug|Any CPU
		{43F0B356-AD41-41D9-ACD9-9C0B258FEE8D}.Release|Any CPU.ActiveCfg = Release|Any CPU
		{43F0B356-AD41-41D9-ACD9-9C0B258FEE8D}.Release|Any CPU.Build.0 = Release|Any CPU
		{43F0B356-AD41-41D9-ACD9-9C0B258FEE8D}.Release|x64.ActiveCfg = Release|Any CPU
		{43F0B356-AD41-41D9-ACD9-9C0B258FEE8D}.Release|x64.Build.0 = Release|Any CPU
		{43F0B356-AD41-41D9-ACD9-9C0B258FEE8D}.Release|x86.ActiveCfg = Release|Any CPU
		{43F0B356-AD41-41D9-ACD9-9C0B258FEE8D}.Release|x86.Build.0 = Release|Any CPU
		{8B746547-0494-42CD-9C1F-4A4CFA03B24E}.Debug|Any CPU.ActiveCfg = Debug|Any CPU
		{8B746547-0494-42CD-9C1F-4A4CFA03B24E}.Debug|Any CPU.Build.0 = Debug|Any CPU
		{8B746547-0494-42CD-9C1F-4A4CFA03B24E}.Debug|x64.ActiveCfg = Debug|Any CPU
		{8B746547-0494-42CD-9C1F-4A4CFA03B24E}.Debug|x64.Build.0 = Debug|Any CPU
		{8B746547-0494-42CD-9C1F-4A4CFA03B24E}.Debug|x86.ActiveCfg = Debug|Any CPU
		{8B746547-0494-42CD-9C1F-4A4CFA03B24E}.Debug|x86.Build.0 = Debug|Any CPU
		{8B746547-0494-42CD-9C1F-4A4CFA03B24E}.Release|Any CPU.ActiveCfg = Release|Any CPU
		{8B746547-0494-42CD-9C1F-4A4CFA03B24E}.Release|Any CPU.Build.0 = Release|Any CPU
		{8B746547-0494-42CD-9C1F-4A4CFA03B24E}.Release|x64.ActiveCfg = Release|Any CPU
		{8B746547-0494-42CD-9C1F-4A4CFA03B24E}.Release|x64.Build.0 = Release|Any CPU
		{8B746547-0494-42CD-9C1F-4A4CFA03B24E}.Release|x86.ActiveCfg = Release|Any CPU
		{8B746547-0494-42CD-9C1F-4A4CFA03B24E}.Release|x86.Build.0 = Release|Any CPU
		{5F7C30C5-0293-411F-A7B9-AE49F6DA2A45}.Debug|Any CPU.ActiveCfg = Debug|Any CPU
		{5F7C30C5-0293-411F-A7B9-AE49F6DA2A45}.Debug|Any CPU.Build.0 = Debug|Any CPU
		{5F7C30C5-0293-411F-A7B9-AE49F6DA2A45}.Debug|x64.ActiveCfg = Debug|Any CPU
		{5F7C30C5-0293-411F-A7B9-AE49F6DA2A45}.Debug|x64.Build.0 = Debug|Any CPU
		{5F7C30C5-0293-411F-A7B9-AE49F6DA2A45}.Debug|x86.ActiveCfg = Debug|Any CPU
		{5F7C30C5-0293-411F-A7B9-AE49F6DA2A45}.Debug|x86.Build.0 = Debug|Any CPU
		{5F7C30C5-0293-411F-A7B9-AE49F6DA2A45}.Release|Any CPU.ActiveCfg = Release|Any CPU
		{5F7C30C5-0293-411F-A7B9-AE49F6DA2A45}.Release|Any CPU.Build.0 = Release|Any CPU
		{5F7C30C5-0293-411F-A7B9-AE49F6DA2A45}.Release|x64.ActiveCfg = Release|Any CPU
		{5F7C30C5-0293-411F-A7B9-AE49F6DA2A45}.Release|x64.Build.0 = Release|Any CPU
		{5F7C30C5-0293-411F-A7B9-AE49F6DA2A45}.Release|x86.ActiveCfg = Release|Any CPU
		{5F7C30C5-0293-411F-A7B9-AE49F6DA2A45}.Release|x86.Build.0 = Release|Any CPU
		{822C71FF-1AC1-4C6D-96C0-92B4AEB637B4}.Debug|Any CPU.ActiveCfg = Debug|Any CPU
		{822C71FF-1AC1-4C6D-96C0-92B4AEB637B4}.Debug|Any CPU.Build.0 = Debug|Any CPU
		{822C71FF-1AC1-4C6D-96C0-92B4AEB637B4}.Debug|x64.ActiveCfg = Debug|Any CPU
		{822C71FF-1AC1-4C6D-96C0-92B4AEB637B4}.Debug|x64.Build.0 = Debug|Any CPU
		{822C71FF-1AC1-4C6D-96C0-92B4AEB637B4}.Debug|x86.ActiveCfg = Debug|Any CPU
		{822C71FF-1AC1-4C6D-96C0-92B4AEB637B4}.Debug|x86.Build.0 = Debug|Any CPU
		{822C71FF-1AC1-4C6D-96C0-92B4AEB637B4}.Release|Any CPU.ActiveCfg = Release|Any CPU
		{822C71FF-1AC1-4C6D-96C0-92B4AEB637B4}.Release|Any CPU.Build.0 = Release|Any CPU
		{822C71FF-1AC1-4C6D-96C0-92B4AEB637B4}.Release|x64.ActiveCfg = Release|Any CPU
		{822C71FF-1AC1-4C6D-96C0-92B4AEB637B4}.Release|x64.Build.0 = Release|Any CPU
		{822C71FF-1AC1-4C6D-96C0-92B4AEB637B4}.Release|x86.ActiveCfg = Release|Any CPU
		{822C71FF-1AC1-4C6D-96C0-92B4AEB637B4}.Release|x86.Build.0 = Release|Any CPU
		{D1E0CE7C-D426-46A5-9E2F-0106481880E4}.Debug|Any CPU.ActiveCfg = Debug|Any CPU
		{D1E0CE7C-D426-46A5-9E2F-0106481880E4}.Debug|Any CPU.Build.0 = Debug|Any CPU
		{D1E0CE7C-D426-46A5-9E2F-0106481880E4}.Debug|x64.ActiveCfg = Debug|Any CPU
		{D1E0CE7C-D426-46A5-9E2F-0106481880E4}.Debug|x64.Build.0 = Debug|Any CPU
		{D1E0CE7C-D426-46A5-9E2F-0106481880E4}.Debug|x86.ActiveCfg = Debug|Any CPU
		{D1E0CE7C-D426-46A5-9E2F-0106481880E4}.Debug|x86.Build.0 = Debug|Any CPU
		{D1E0CE7C-D426-46A5-9E2F-0106481880E4}.Release|Any CPU.ActiveCfg = Release|Any CPU
		{D1E0CE7C-D426-46A5-9E2F-0106481880E4}.Release|Any CPU.Build.0 = Release|Any CPU
		{D1E0CE7C-D426-46A5-9E2F-0106481880E4}.Release|x64.ActiveCfg = Release|Any CPU
		{D1E0CE7C-D426-46A5-9E2F-0106481880E4}.Release|x64.Build.0 = Release|Any CPU
		{D1E0CE7C-D426-46A5-9E2F-0106481880E4}.Release|x86.ActiveCfg = Release|Any CPU
		{D1E0CE7C-D426-46A5-9E2F-0106481880E4}.Release|x86.Build.0 = Release|Any CPU
	EndGlobalSection
	GlobalSection(SolutionProperties) = preSolution
		HideSolutionNode = FALSE
	EndGlobalSection
	GlobalSection(NestedProjects) = preSolution
		{5E9A5803-E9BE-4BBE-8C47-5E7C710A30C2} = {02EA681E-C7D8-13C7-8484-4AC65E1B71E8}
		{03CFF8BE-2762-4359-80AD-6EB837BEC319} = {02EA681E-C7D8-13C7-8484-4AC65E1B71E8}
		{8FAC8B8F-D58F-469C-8F8E-2E418B82F377} = {02EA681E-C7D8-13C7-8484-4AC65E1B71E8}
		{523E62F2-A93C-438F-970D-2D01CF7596B3} = {02EA681E-C7D8-13C7-8484-4AC65E1B71E8}
		{0F49DD94-6BE0-4D86-A889-E1F768B2AADD} = {F6632F6E-9777-4C9B-A178-DC2E0041BBE7}
		{43F0B356-AD41-41D9-ACD9-9C0B258FEE8D} = {F6632F6E-9777-4C9B-A178-DC2E0041BBE7}
		{8B746547-0494-42CD-9C1F-4A4CFA03B24E} = {F6632F6E-9777-4C9B-A178-DC2E0041BBE7}
		{5F7C30C5-0293-411F-A7B9-AE49F6DA2A45} = {F6632F6E-9777-4C9B-A178-DC2E0041BBE7}
		{822C71FF-1AC1-4C6D-96C0-92B4AEB637B4} = {F6632F6E-9777-4C9B-A178-DC2E0041BBE7}
		{D1E0CE7C-D426-46A5-9E2F-0106481880E4} = {F6632F6E-9777-4C9B-A178-DC2E0041BBE7}
	EndGlobalSection
	GlobalSection(ExtensibilityGlobals) = postSolution
		SolutionGuid = {CA2E6251-EBF8-479B-9A74-48C836A25B99}
	EndGlobalSection
EndGlobal
