
Microsoft Visual Studio Solution File, Format Version 12.00
# Visual Studio Version 17
VisualStudioVersion = 17.14.36414.22
MinimumVisualStudioVersion = 10.0.40219.1
Project("{FAE04EC0-301F-11D3-BF4B-00C04F79EFBC}") = "01-PInvoke (MessageBox and Beep)", "SP P-36\01-PInvoke (MessageBox and Beep).csproj", "{5E9A5803-E9BE-4BBE-8C47-5E7C710A30C2}"
EndProject
Project("{FAE04EC0-301F-11D3-BF4B-00C04F79EFBC}") = "02-PInvoke (FindWindow)", "PInvoke (FindWindow)\02-PInvoke (FindWindow).csproj", "{03CFF8BE-2762-4359-80AD-6EB837BEC319}"
EndProject
Project("{FAE04EC0-301F-11D3-BF4B-00C04F79EFBC}") = "03_PInvoke user func (from C++)", "03_PInvoke user func (from C++)\03_PInvoke user func (from C++).csproj", "{8FAC8B8F-D58F-469C-8F8E-2E418B82F377}"
EndProject
Project("{8BC9CEB8-8B4A-11D0-8D11-00A0C91BC942}") = "UserFunc Project", "UserFunc Project\UserFunc Project.vcxproj", "{523E62F2-A93C-438F-970D-2D01CF7596B3}"
EndProject
Project("{2150E333-8FDC-42A3-9474-1A3956D46DE8}") = "01-PInvoke", "01-PInvoke", "{02EA681E-C7D8-13C7-8484-4AC65E1B71E8}"
EndProject
Project("{2150E333-8FDC-42A3-9474-1A3956D46DE8}") = "02-Processes", "02-Processes", "{F6632F6E-9777-4C9B-A178-DC2E0041BBE7}"
EndProject
Project("{FAE04EC0-301F-11D3-BF4B-00C04F79EFBC}") = "01-Create & start process", "01-Processes\01-Create & start process.csproj", "{0F49DD94-6BE0-4D86-A889-E1F768B2AADD}"
EndProject
Project("{FAE04EC0-301F-11D3-BF4B-00C04F79EFBC}") = "MyProgramWithExitCode", "MyProgramWuthExitCode\MyProgramWithExitCode.csproj", "{43F0B356-AD41-41D9-ACD9-9C0B258FEE8D}"
EndProject
Project("{FAE04EC0-301F-11D3-BF4B-00C04F79EFBC}") = "00-List of processes", "List of processes\00-List of processes.csproj", "{8B746547-0494-42CD-9C1F-4A4CFA03B24E}"
EndProject
Project("{FAE04EC0-301F-11D3-BF4B-00C04F79EFBC}") = "Close and Kill process", "Close and Kill process\Close and Kill process.csproj", "{5F7C30C5-0293-411F-A7B9-AE49F6DA2A45}"
EndProject
Project("{FAE04EC0-301F-11D3-BF4B-00C04F79EFBC}") = "ChildProcess-Hello", "ChildProcess-Hello\ChildProcess-Hello.csproj", "{822C71FF-1AC1-4C6D-96C0-92B4AEB637B4}"
EndProject
Project("{FAE04EC0-301F-11D3-BF4B-00C04F79EFBC}") = "Call child process with param", "Call child process with param\Call child process with param.csproj", "{D1E0CE7C-D426-46A5-9E2F-0106481880E4}"
EndProject
Project("{2150E333-8FDC-42A3-9474-1A3956D46DE8}") = "Home helper", "Home helper", "{499DEB41-86E0-4280-8888-56826776C57B}"
EndProject
Project("{FAE04EC0-301F-11D3-BF4B-00C04F79EFBC}") = "HelloWF", "HelloWF\HelloWF.csproj", "{262A6308-24C6-4067-BFEB-69BA75633E00}"
EndProject
Project("{FAE04EC0-301F-11D3-BF4B-00C04F79EFBC}") = "WinFormsApp Inherit", "WinFormsApp Inherit\WinFormsApp Inherit.csproj", "{2E5CC5C2-58FF-4112-AA0F-F0918E0542DD}"
EndProject
Project("{FAE04EC0-301F-11D3-BF4B-00C04F79EFBC}") = "Child process demo", "Child process demo\Child process demo.csproj", "{62230967-890B-438F-9FB4-723901A0DCB7}"
EndProject
Project("{2150E333-8FDC-42A3-9474-1A3956D46DE8}") = "03-Threads", "03-Threads", "{D6D6AD59-036A-484B-9E1C-108AED316236}"
EndProject
Project("{FAE04EC0-301F-11D3-BF4B-00C04F79EFBC}") = "01-Thread", "01-Thread\01-Thread.csproj", "{F6150ACC-7261-4BB3-B1F3-DF032D3515A1}"
EndProject
Project("{FAE04EC0-301F-11D3-BF4B-00C04F79EFBC}") = "02-Threads", "02-Threads\02-Threads.csproj", "{2EC955CB-CB7E-4214-BDD0-424C32ADE337}"
EndProject
Project("{FAE04EC0-301F-11D3-BF4B-00C04F79EFBC}") = "03-Thread with data", "03-Thread with data\03-Thread with data.csproj", "{1D124800-A5C2-4CAB-9744-DB34FC12F8D2}"
EndProject
Project("{FAE04EC0-301F-11D3-BF4B-00C04F79EFBC}") = "04-Thread pretty colors with lock", "04-Thread pretty colors with lock\04-Thread pretty colors with lock.csproj", "{3D55D6D6-F373-42D8-A3FB-4B1737C722A4}"
EndProject
Project("{FAE04EC0-301F-11D3-BF4B-00C04F79EFBC}") = "05_Two threads", "05_Two threads\05_Two threads.csproj", "{6E4415B0-C995-480B-A082-B11D220040CE}"
EndProject
Project("{FAE04EC0-301F-11D3-BF4B-00C04F79EFBC}") = "06_Threads for array", "06_Threads for array\06_Threads for array.csproj", "{5904DA84-8D16-441B-8A4B-CB7842241286}"
EndProject
Project("{FAE04EC0-301F-11D3-BF4B-00C04F79EFBC}") = "Threads in WinForms", "Threads in WinForms\Threads in WinForms.csproj", "{E4716AA7-8631-4FEC-BC9E-1A88E8509645}"
EndProject
Project("{FAE04EC0-301F-11D3-BF4B-00C04F79EFBC}") = "Stop thread (WinForms)", "Stop thread (WinForms)\Stop thread (WinForms).csproj", "{9975845D-0CAC-479B-8ADF-17A810D626F9}"
EndProject
Project("{2150E333-8FDC-42A3-9474-1A3956D46DE8}") = "04-Lock Mutex Semaphor Monitor", "04-Lock Mutex Semaphor Monitor", "{6B3F4F81-AA30-4375-90A4-DCE11F18942F}"
EndProject
Project("{FAE04EC0-301F-11D3-BF4B-00C04F79EFBC}") = "01-Lock", "01-Lock\01-Lock.csproj", "{F2D9D19D-5CB6-4DFE-BB72-128CCCC2933D}"
EndProject
Project("{FAE04EC0-301F-11D3-BF4B-00C04F79EFBC}") = "00-Race condition", "00-Race condition\00-Race condition.csproj", "{9FED1C33-90FB-47F9-B80D-5F80B4364321}"
EndProject
Project("{FAE04EC0-301F-11D3-BF4B-00C04F79EFBC}") = "02-Interlock", "02-Interlock\02-Interlock.csproj", "{C0CCA10F-6822-4B95-841E-F9E527ECADC1}"
EndProject
Project("{FAE04EC0-301F-11D3-BF4B-00C04F79EFBC}") = "03-Mutex", "03-Mutex\03-Mutex.csproj", "{FEB2EA0A-9B12-4F68-B29E-6C07AC5902EC}"
EndProject
Project("{FAE04EC0-301F-11D3-BF4B-00C04F79EFBC}") = "04_Semaphor", "04_Semaphor\04_Semaphor.csproj", "{5C66A512-4DF5-41F6-8B06-031F28E42EDE}"
EndProject
Project("{FAE04EC0-301F-11D3-BF4B-00C04F79EFBC}") = "05-Semaph (1,3)", "05-Semaph (1,3)\05-Semaph (1,3).csproj", "{CB5E92C0-0E30-42C8-BBF4-4DEE0501FF11}"
EndProject
Project("{FAE04EC0-301F-11D3-BF4B-00C04F79EFBC}") = "06-Semaph (Game)", "06-Semaph (Game)\06-Semaph (Game).csproj", "{94E77A1B-BC96-418D-8B8A-38BFFBE73B47}"
EndProject
Project("{2150E333-8FDC-42A3-9474-1A3956D46DE8}") = "06-Async await", "06-Async await", "{3ED5CEAD-3AA7-4E0C-A5E4-2A5A803A8B52}"
EndProject
Project("{FAE04EC0-301F-11D3-BF4B-00C04F79EFBC}") = "00-long operation problem", "00-long operation problem\00-long operation problem.csproj", "{A47EB5CB-E72E-4418-A8B3-D3D6DAFF1FEE}"
EndProject
Project("{FAE04EC0-301F-11D3-BF4B-00C04F79EFBC}") = "00-Long Operation WF", "00-Long Operation WF\00-Long Operation WF.csproj", "{7DA00169-A58D-44AF-92B7-D9F5221A72E1}"
EndProject
Project("{FAE04EC0-301F-11D3-BF4B-00C04F79EFBC}") = "01-Task", "01-Task\01-Task.csproj", "{EA6D2855-D14E-43CA-BDFF-0BD0CAB26D9B}"
EndProject
Project("{FAE04EC0-301F-11D3-BF4B-00C04F79EFBC}") = "07_Monitor", "07_Monitor\07_Monitor.csproj", "{7058FF20-C56B-4386-937A-D3248F4BD78C}"
EndProject
Project("{FAE04EC0-301F-11D3-BF4B-00C04F79EFBC}") = "08- Monitor (Wait, Pulse)", "08- Monitor (Wait, Pulse)\08- Monitor (Wait, Pulse).csproj", "{42E37260-7974-40D3-A06A-06535FAFF5AE}"
EndProject
Project("{FAE04EC0-301F-11D3-BF4B-00C04F79EFBC}") = "08-Monitor (product-consumer)", "08-Monitor (product-consumer)\08-Monitor (product-consumer).csproj", "{A05B4BA5-9006-4FE6-AA2D-19F03FAC3D16}"
EndProject
Project("{2150E333-8FDC-42A3-9474-1A3956D46DE8}") = "05-ResetEvents-demo", "05-ResetEvents-demo", "{A76EDCE1-B6F9-4929-A7A7-2A0F4F39EF40}"
EndProject
Project("{FAE04EC0-301F-11D3-BF4B-00C04F79EFBC}") = "01-ManResetEvent", "01-ManualResetEvent\01-ManResetEvent.csproj", "{A5420B29-2CD7-13A8-5A30-2941E2AEADF1}"
EndProject
Project("{FAE04EC0-301F-11D3-BF4B-00C04F79EFBC}") = "02-ManualReset Event", "02-ManualReset Event\02-ManualReset Event.csproj", "{DE33F68D-C2FE-82C0-CD4B-555D78509ECF}"
EndProject
Project("{FAE04EC0-301F-11D3-BF4B-00C04F79EFBC}") = "03_ManualReset (files)", "03_ManualReset (files)\03_ManualReset (files).csproj", "{599748D3-0251-48F4-9B51-FCA97D1343D8}"
EndProject
Project("{FAE04EC0-301F-11D3-BF4B-00C04F79EFBC}") = "04-ManualResetEvent (files 2 mre)", "04-ManualResetEvent (files 2 mre)\04-ManualResetEvent (files 2 mre).csproj", "{F4E21FF0-6264-4EBE-B9D7-9FFBAF766911}"
EndProject
Project("{FAE04EC0-301F-11D3-BF4B-00C04F79EFBC}") = "05_AutoResetEvent", "05_AutoResetEvent\05_AutoResetEvent.csproj", "{828C0A2E-F373-455A-BC86-2D31B2946B14}"
EndProject
Project("{FAE04EC0-301F-11D3-BF4B-00C04F79EFBC}") = "06-AutoReset (updated ex 5)", "06-ManualReset (updated ex 5)\06-AutoReset (updated ex 5).csproj", "{CF12ABDA-E60A-4A70-A879-4915D267F40A}"
EndProject
Global
	GlobalSection(SolutionConfigurationPlatforms) = preSolution
		Debug|Any CPU = Debug|Any CPU
		Debug|x64 = Debug|x64
		Debug|x86 = Debug|x86
		Release|Any CPU = Release|Any CPU
		Release|x64 = Release|x64
		Release|x86 = Release|x86
	EndGlobalSection
	GlobalSection(ProjectConfigurationPlatforms) = postSolution
		{5E9A5803-E9BE-4BBE-8C47-5E7C710A30C2}.Debug|Any CPU.ActiveCfg = Debug|Any CPU
		{5E9A5803-E9BE-4BBE-8C47-5E7C710A30C2}.Debug|Any CPU.Build.0 = Debug|Any CPU
		{5E9A5803-E9BE-4BBE-8C47-5E7C710A30C2}.Debug|x64.ActiveCfg = Debug|Any CPU
		{5E9A5803-E9BE-4BBE-8C47-5E7C710A30C2}.Debug|x64.Build.0 = Debug|Any CPU
		{5E9A5803-E9BE-4BBE-8C47-5E7C710A30C2}.Debug|x86.ActiveCfg = Debug|Any CPU
		{5E9A5803-E9BE-4BBE-8C47-5E7C710A30C2}.Debug|x86.Build.0 = Debug|Any CPU
		{5E9A5803-E9BE-4BBE-8C47-5E7C710A30C2}.Release|Any CPU.ActiveCfg = Release|Any CPU
		{5E9A5803-E9BE-4BBE-8C47-5E7C710A30C2}.Release|Any CPU.Build.0 = Release|Any CPU
		{5E9A5803-E9BE-4BBE-8C47-5E7C710A30C2}.Release|x64.ActiveCfg = Release|Any CPU
		{5E9A5803-E9BE-4BBE-8C47-5E7C710A30C2}.Release|x64.Build.0 = Release|Any CPU
		{5E9A5803-E9BE-4BBE-8C47-5E7C710A30C2}.Release|x86.ActiveCfg = Release|Any CPU
		{5E9A5803-E9BE-4BBE-8C47-5E7C710A30C2}.Release|x86.Build.0 = Release|Any CPU
		{03CFF8BE-2762-4359-80AD-6EB837BEC319}.Debug|Any CPU.ActiveCfg = Debug|Any CPU
		{03CFF8BE-2762-4359-80AD-6EB837BEC319}.Debug|Any CPU.Build.0 = Debug|Any CPU
		{03CFF8BE-2762-4359-80AD-6EB837BEC319}.Debug|x64.ActiveCfg = Debug|Any CPU
		{03CFF8BE-2762-4359-80AD-6EB837BEC319}.Debug|x64.Build.0 = Debug|Any CPU
		{03CFF8BE-2762-4359-80AD-6EB837BEC319}.Debug|x86.ActiveCfg = Debug|Any CPU
		{03CFF8BE-2762-4359-80AD-6EB837BEC319}.Debug|x86.Build.0 = Debug|Any CPU
		{03CFF8BE-2762-4359-80AD-6EB837BEC319}.Release|Any CPU.ActiveCfg = Release|Any CPU
		{03CFF8BE-2762-4359-80AD-6EB837BEC319}.Release|Any CPU.Build.0 = Release|Any CPU
		{03CFF8BE-2762-4359-80AD-6EB837BEC319}.Release|x64.ActiveCfg = Release|Any CPU
		{03CFF8BE-2762-4359-80AD-6EB837BEC319}.Release|x64.Build.0 = Release|Any CPU
		{03CFF8BE-2762-4359-80AD-6EB837BEC319}.Release|x86.ActiveCfg = Release|Any CPU
		{03CFF8BE-2762-4359-80AD-6EB837BEC319}.Release|x86.Build.0 = Release|Any CPU
		{8FAC8B8F-D58F-469C-8F8E-2E418B82F377}.Debug|Any CPU.ActiveCfg = Debug|Any CPU
		{8FAC8B8F-D58F-469C-8F8E-2E418B82F377}.Debug|Any CPU.Build.0 = Debug|Any CPU
		{8FAC8B8F-D58F-469C-8F8E-2E418B82F377}.Debug|x64.ActiveCfg = Debug|Any CPU
		{8FAC8B8F-D58F-469C-8F8E-2E418B82F377}.Debug|x64.Build.0 = Debug|Any CPU
		{8FAC8B8F-D58F-469C-8F8E-2E418B82F377}.Debug|x86.ActiveCfg = Debug|Any CPU
		{8FAC8B8F-D58F-469C-8F8E-2E418B82F377}.Debug|x86.Build.0 = Debug|Any CPU
		{8FAC8B8F-D58F-469C-8F8E-2E418B82F377}.Release|Any CPU.ActiveCfg = Release|Any CPU
		{8FAC8B8F-D58F-469C-8F8E-2E418B82F377}.Release|Any CPU.Build.0 = Release|Any CPU
		{8FAC8B8F-D58F-469C-8F8E-2E418B82F377}.Release|x64.ActiveCfg = Release|Any CPU
		{8FAC8B8F-D58F-469C-8F8E-2E418B82F377}.Release|x64.Build.0 = Release|Any CPU
		{8FAC8B8F-D58F-469C-8F8E-2E418B82F377}.Release|x86.ActiveCfg = Release|Any CPU
		{8FAC8B8F-D58F-469C-8F8E-2E418B82F377}.Release|x86.Build.0 = Release|Any CPU
		{523E62F2-A93C-438F-970D-2D01CF7596B3}.Debug|Any CPU.ActiveCfg = Debug|x64
		{523E62F2-A93C-438F-970D-2D01CF7596B3}.Debug|Any CPU.Build.0 = Debug|x64
		{523E62F2-A93C-438F-970D-2D01CF7596B3}.Debug|x64.ActiveCfg = Debug|x64
		{523E62F2-A93C-438F-970D-2D01CF7596B3}.Debug|x64.Build.0 = Debug|x64
		{523E62F2-A93C-438F-970D-2D01CF7596B3}.Debug|x86.ActiveCfg = Debug|Win32
		{523E62F2-A93C-438F-970D-2D01CF7596B3}.Debug|x86.Build.0 = Debug|Win32
		{523E62F2-A93C-438F-970D-2D01CF7596B3}.Release|Any CPU.ActiveCfg = Release|x64
		{523E62F2-A93C-438F-970D-2D01CF7596B3}.Release|Any CPU.Build.0 = Release|x64
		{523E62F2-A93C-438F-970D-2D01CF7596B3}.Release|x64.ActiveCfg = Release|x64
		{523E62F2-A93C-438F-970D-2D01CF7596B3}.Release|x64.Build.0 = Release|x64
		{523E62F2-A93C-438F-970D-2D01CF7596B3}.Release|x86.ActiveCfg = Release|Win32
		{523E62F2-A93C-438F-970D-2D01CF7596B3}.Release|x86.Build.0 = Release|Win32
		{0F49DD94-6BE0-4D86-A889-E1F768B2AADD}.Debug|Any CPU.ActiveCfg = Debug|Any CPU
		{0F49DD94-6BE0-4D86-A889-E1F768B2AADD}.Debug|Any CPU.Build.0 = Debug|Any CPU
		{0F49DD94-6BE0-4D86-A889-E1F768B2AADD}.Debug|x64.ActiveCfg = Debug|Any CPU
		{0F49DD94-6BE0-4D86-A889-E1F768B2AADD}.Debug|x64.Build.0 = Debug|Any CPU
		{0F49DD94-6BE0-4D86-A889-E1F768B2AADD}.Debug|x86.ActiveCfg = Debug|Any CPU
		{0F49DD94-6BE0-4D86-A889-E1F768B2AADD}.Debug|x86.Build.0 = Debug|Any CPU
		{0F49DD94-6BE0-4D86-A889-E1F768B2AADD}.Release|Any CPU.ActiveCfg = Release|Any CPU
		{0F49DD94-6BE0-4D86-A889-E1F768B2AADD}.Release|Any CPU.Build.0 = Release|Any CPU
		{0F49DD94-6BE0-4D86-A889-E1F768B2AADD}.Release|x64.ActiveCfg = Release|Any CPU
		{0F49DD94-6BE0-4D86-A889-E1F768B2AADD}.Release|x64.Build.0 = Release|Any CPU
		{0F49DD94-6BE0-4D86-A889-E1F768B2AADD}.Release|x86.ActiveCfg = Release|Any CPU
		{0F49DD94-6BE0-4D86-A889-E1F768B2AADD}.Release|x86.Build.0 = Release|Any CPU
		{43F0B356-AD41-41D9-ACD9-9C0B258FEE8D}.Debug|Any CPU.ActiveCfg = Debug|Any CPU
		{43F0B356-AD41-41D9-ACD9-9C0B258FEE8D}.Debug|Any CPU.Build.0 = Debug|Any CPU
		{43F0B356-AD41-41D9-ACD9-9C0B258FEE8D}.Debug|x64.ActiveCfg = Debug|Any CPU
		{43F0B356-AD41-41D9-ACD9-9C0B258FEE8D}.Debug|x64.Build.0 = Debug|Any CPU
		{43F0B356-AD41-41D9-ACD9-9C0B258FEE8D}.Debug|x86.ActiveCfg = Debug|Any CPU
		{43F0B356-AD41-41D9-ACD9-9C0B258FEE8D}.Debug|x86.Build.0 = Debug|Any CPU
		{43F0B356-AD41-41D9-ACD9-9C0B258FEE8D}.Release|Any CPU.ActiveCfg = Release|Any CPU
		{43F0B356-AD41-41D9-ACD9-9C0B258FEE8D}.Release|Any CPU.Build.0 = Release|Any CPU
		{43F0B356-AD41-41D9-ACD9-9C0B258FEE8D}.Release|x64.ActiveCfg = Release|Any CPU
		{43F0B356-AD41-41D9-ACD9-9C0B258FEE8D}.Release|x64.Build.0 = Release|Any CPU
		{43F0B356-AD41-41D9-ACD9-9C0B258FEE8D}.Release|x86.ActiveCfg = Release|Any CPU
		{43F0B356-AD41-41D9-ACD9-9C0B258FEE8D}.Release|x86.Build.0 = Release|Any CPU
		{8B746547-0494-42CD-9C1F-4A4CFA03B24E}.Debug|Any CPU.ActiveCfg = Debug|Any CPU
		{8B746547-0494-42CD-9C1F-4A4CFA03B24E}.Debug|Any CPU.Build.0 = Debug|Any CPU
		{8B746547-0494-42CD-9C1F-4A4CFA03B24E}.Debug|x64.ActiveCfg = Debug|Any CPU
		{8B746547-0494-42CD-9C1F-4A4CFA03B24E}.Debug|x64.Build.0 = Debug|Any CPU
		{8B746547-0494-42CD-9C1F-4A4CFA03B24E}.Debug|x86.ActiveCfg = Debug|Any CPU
		{8B746547-0494-42CD-9C1F-4A4CFA03B24E}.Debug|x86.Build.0 = Debug|Any CPU
		{8B746547-0494-42CD-9C1F-4A4CFA03B24E}.Release|Any CPU.ActiveCfg = Release|Any CPU
		{8B746547-0494-42CD-9C1F-4A4CFA03B24E}.Release|Any CPU.Build.0 = Release|Any CPU
		{8B746547-0494-42CD-9C1F-4A4CFA03B24E}.Release|x64.ActiveCfg = Release|Any CPU
		{8B746547-0494-42CD-9C1F-4A4CFA03B24E}.Release|x64.Build.0 = Release|Any CPU
		{8B746547-0494-42CD-9C1F-4A4CFA03B24E}.Release|x86.ActiveCfg = Release|Any CPU
		{8B746547-0494-42CD-9C1F-4A4CFA03B24E}.Release|x86.Build.0 = Release|Any CPU
		{5F7C30C5-0293-411F-A7B9-AE49F6DA2A45}.Debug|Any CPU.ActiveCfg = Debug|Any CPU
		{5F7C30C5-0293-411F-A7B9-AE49F6DA2A45}.Debug|Any CPU.Build.0 = Debug|Any CPU
		{5F7C30C5-0293-411F-A7B9-AE49F6DA2A45}.Debug|x64.ActiveCfg = Debug|Any CPU
		{5F7C30C5-0293-411F-A7B9-AE49F6DA2A45}.Debug|x64.Build.0 = Debug|Any CPU
		{5F7C30C5-0293-411F-A7B9-AE49F6DA2A45}.Debug|x86.ActiveCfg = Debug|Any CPU
		{5F7C30C5-0293-411F-A7B9-AE49F6DA2A45}.Debug|x86.Build.0 = Debug|Any CPU
		{5F7C30C5-0293-411F-A7B9-AE49F6DA2A45}.Release|Any CPU.ActiveCfg = Release|Any CPU
		{5F7C30C5-0293-411F-A7B9-AE49F6DA2A45}.Release|Any CPU.Build.0 = Release|Any CPU
		{5F7C30C5-0293-411F-A7B9-AE49F6DA2A45}.Release|x64.ActiveCfg = Release|Any CPU
		{5F7C30C5-0293-411F-A7B9-AE49F6DA2A45}.Release|x64.Build.0 = Release|Any CPU
		{5F7C30C5-0293-411F-A7B9-AE49F6DA2A45}.Release|x86.ActiveCfg = Release|Any CPU
		{5F7C30C5-0293-411F-A7B9-AE49F6DA2A45}.Release|x86.Build.0 = Release|Any CPU
		{822C71FF-1AC1-4C6D-96C0-92B4AEB637B4}.Debug|Any CPU.ActiveCfg = Debug|Any CPU
		{822C71FF-1AC1-4C6D-96C0-92B4AEB637B4}.Debug|Any CPU.Build.0 = Debug|Any CPU
		{822C71FF-1AC1-4C6D-96C0-92B4AEB637B4}.Debug|x64.ActiveCfg = Debug|Any CPU
		{822C71FF-1AC1-4C6D-96C0-92B4AEB637B4}.Debug|x64.Build.0 = Debug|Any CPU
		{822C71FF-1AC1-4C6D-96C0-92B4AEB637B4}.Debug|x86.ActiveCfg = Debug|Any CPU
		{822C71FF-1AC1-4C6D-96C0-92B4AEB637B4}.Debug|x86.Build.0 = Debug|Any CPU
		{822C71FF-1AC1-4C6D-96C0-92B4AEB637B4}.Release|Any CPU.ActiveCfg = Release|Any CPU
		{822C71FF-1AC1-4C6D-96C0-92B4AEB637B4}.Release|Any CPU.Build.0 = Release|Any CPU
		{822C71FF-1AC1-4C6D-96C0-92B4AEB637B4}.Release|x64.ActiveCfg = Release|Any CPU
		{822C71FF-1AC1-4C6D-96C0-92B4AEB637B4}.Release|x64.Build.0 = Release|Any CPU
		{822C71FF-1AC1-4C6D-96C0-92B4AEB637B4}.Release|x86.ActiveCfg = Release|Any CPU
		{822C71FF-1AC1-4C6D-96C0-92B4AEB637B4}.Release|x86.Build.0 = Release|Any CPU
		{D1E0CE7C-D426-46A5-9E2F-0106481880E4}.Debug|Any CPU.ActiveCfg = Debug|Any CPU
		{D1E0CE7C-D426-46A5-9E2F-0106481880E4}.Debug|Any CPU.Build.0 = Debug|Any CPU
		{D1E0CE7C-D426-46A5-9E2F-0106481880E4}.Debug|x64.ActiveCfg = Debug|Any CPU
		{D1E0CE7C-D426-46A5-9E2F-0106481880E4}.Debug|x64.Build.0 = Debug|Any CPU
		{D1E0CE7C-D426-46A5-9E2F-0106481880E4}.Debug|x86.ActiveCfg = Debug|Any CPU
		{D1E0CE7C-D426-46A5-9E2F-0106481880E4}.Debug|x86.Build.0 = Debug|Any CPU
		{D1E0CE7C-D426-46A5-9E2F-0106481880E4}.Release|Any CPU.ActiveCfg = Release|Any CPU
		{D1E0CE7C-D426-46A5-9E2F-0106481880E4}.Release|Any CPU.Build.0 = Release|Any CPU
		{D1E0CE7C-D426-46A5-9E2F-0106481880E4}.Release|x64.ActiveCfg = Release|Any CPU
		{D1E0CE7C-D426-46A5-9E2F-0106481880E4}.Release|x64.Build.0 = Release|Any CPU
		{D1E0CE7C-D426-46A5-9E2F-0106481880E4}.Release|x86.ActiveCfg = Release|Any CPU
		{D1E0CE7C-D426-46A5-9E2F-0106481880E4}.Release|x86.Build.0 = Release|Any CPU
		{262A6308-24C6-4067-BFEB-69BA75633E00}.Debug|Any CPU.ActiveCfg = Debug|Any CPU
		{262A6308-24C6-4067-BFEB-69BA75633E00}.Debug|Any CPU.Build.0 = Debug|Any CPU
		{262A6308-24C6-4067-BFEB-69BA75633E00}.Debug|x64.ActiveCfg = Debug|Any CPU
		{262A6308-24C6-4067-BFEB-69BA75633E00}.Debug|x64.Build.0 = Debug|Any CPU
		{262A6308-24C6-4067-BFEB-69BA75633E00}.Debug|x86.ActiveCfg = Debug|Any CPU
		{262A6308-24C6-4067-BFEB-69BA75633E00}.Debug|x86.Build.0 = Debug|Any CPU
		{262A6308-24C6-4067-BFEB-69BA75633E00}.Release|Any CPU.ActiveCfg = Release|Any CPU
		{262A6308-24C6-4067-BFEB-69BA75633E00}.Release|Any CPU.Build.0 = Release|Any CPU
		{262A6308-24C6-4067-BFEB-69BA75633E00}.Release|x64.ActiveCfg = Release|Any CPU
		{262A6308-24C6-4067-BFEB-69BA75633E00}.Release|x64.Build.0 = Release|Any CPU
		{262A6308-24C6-4067-BFEB-69BA75633E00}.Release|x86.ActiveCfg = Release|Any CPU
		{262A6308-24C6-4067-BFEB-69BA75633E00}.Release|x86.Build.0 = Release|Any CPU
		{2E5CC5C2-58FF-4112-AA0F-F0918E0542DD}.Debug|Any CPU.ActiveCfg = Debug|Any CPU
		{2E5CC5C2-58FF-4112-AA0F-F0918E0542DD}.Debug|Any CPU.Build.0 = Debug|Any CPU
		{2E5CC5C2-58FF-4112-AA0F-F0918E0542DD}.Debug|x64.ActiveCfg = Debug|Any CPU
		{2E5CC5C2-58FF-4112-AA0F-F0918E0542DD}.Debug|x64.Build.0 = Debug|Any CPU
		{2E5CC5C2-58FF-4112-AA0F-F0918E0542DD}.Debug|x86.ActiveCfg = Debug|Any CPU
		{2E5CC5C2-58FF-4112-AA0F-F0918E0542DD}.Debug|x86.Build.0 = Debug|Any CPU
		{2E5CC5C2-58FF-4112-AA0F-F0918E0542DD}.Release|Any CPU.ActiveCfg = Release|Any CPU
		{2E5CC5C2-58FF-4112-AA0F-F0918E0542DD}.Release|Any CPU.Build.0 = Release|Any CPU
		{2E5CC5C2-58FF-4112-AA0F-F0918E0542DD}.Release|x64.ActiveCfg = Release|Any CPU
		{2E5CC5C2-58FF-4112-AA0F-F0918E0542DD}.Release|x64.Build.0 = Release|Any CPU
		{2E5CC5C2-58FF-4112-AA0F-F0918E0542DD}.Release|x86.ActiveCfg = Release|Any CPU
		{2E5CC5C2-58FF-4112-AA0F-F0918E0542DD}.Release|x86.Build.0 = Release|Any CPU
		{62230967-890B-438F-9FB4-723901A0DCB7}.Debug|Any CPU.ActiveCfg = Debug|Any CPU
		{62230967-890B-438F-9FB4-723901A0DCB7}.Debug|Any CPU.Build.0 = Debug|Any CPU
		{62230967-890B-438F-9FB4-723901A0DCB7}.Debug|x64.ActiveCfg = Debug|Any CPU
		{62230967-890B-438F-9FB4-723901A0DCB7}.Debug|x64.Build.0 = Debug|Any CPU
		{62230967-890B-438F-9FB4-723901A0DCB7}.Debug|x86.ActiveCfg = Debug|Any CPU
		{62230967-890B-438F-9FB4-723901A0DCB7}.Debug|x86.Build.0 = Debug|Any CPU
		{62230967-890B-438F-9FB4-723901A0DCB7}.Release|Any CPU.ActiveCfg = Release|Any CPU
		{62230967-890B-438F-9FB4-723901A0DCB7}.Release|Any CPU.Build.0 = Release|Any CPU
		{62230967-890B-438F-9FB4-723901A0DCB7}.Release|x64.ActiveCfg = Release|Any CPU
		{62230967-890B-438F-9FB4-723901A0DCB7}.Release|x64.Build.0 = Release|Any CPU
		{62230967-890B-438F-9FB4-723901A0DCB7}.Release|x86.ActiveCfg = Release|Any CPU
		{62230967-890B-438F-9FB4-723901A0DCB7}.Release|x86.Build.0 = Release|Any CPU
		{F6150ACC-7261-4BB3-B1F3-DF032D3515A1}.Debug|Any CPU.ActiveCfg = Debug|Any CPU
		{F6150ACC-7261-4BB3-B1F3-DF032D3515A1}.Debug|Any CPU.Build.0 = Debug|Any CPU
		{F6150ACC-7261-4BB3-B1F3-DF032D3515A1}.Debug|x64.ActiveCfg = Debug|Any CPU
		{F6150ACC-7261-4BB3-B1F3-DF032D3515A1}.Debug|x64.Build.0 = Debug|Any CPU
		{F6150ACC-7261-4BB3-B1F3-DF032D3515A1}.Debug|x86.ActiveCfg = Debug|Any CPU
		{F6150ACC-7261-4BB3-B1F3-DF032D3515A1}.Debug|x86.Build.0 = Debug|Any CPU
		{F6150ACC-7261-4BB3-B1F3-DF032D3515A1}.Release|Any CPU.ActiveCfg = Release|Any CPU
		{F6150ACC-7261-4BB3-B1F3-DF032D3515A1}.Release|Any CPU.Build.0 = Release|Any CPU
		{F6150ACC-7261-4BB3-B1F3-DF032D3515A1}.Release|x64.ActiveCfg = Release|Any CPU
		{F6150ACC-7261-4BB3-B1F3-DF032D3515A1}.Release|x64.Build.0 = Release|Any CPU
		{F6150ACC-7261-4BB3-B1F3-DF032D3515A1}.Release|x86.ActiveCfg = Release|Any CPU
		{F6150ACC-7261-4BB3-B1F3-DF032D3515A1}.Release|x86.Build.0 = Release|Any CPU
		{2EC955CB-CB7E-4214-BDD0-424C32ADE337}.Debug|Any CPU.ActiveCfg = Debug|Any CPU
		{2EC955CB-CB7E-4214-BDD0-424C32ADE337}.Debug|Any CPU.Build.0 = Debug|Any CPU
		{2EC955CB-CB7E-4214-BDD0-424C32ADE337}.Debug|x64.ActiveCfg = Debug|Any CPU
		{2EC955CB-CB7E-4214-BDD0-424C32ADE337}.Debug|x64.Build.0 = Debug|Any CPU
		{2EC955CB-CB7E-4214-BDD0-424C32ADE337}.Debug|x86.ActiveCfg = Debug|Any CPU
		{2EC955CB-CB7E-4214-BDD0-424C32ADE337}.Debug|x86.Build.0 = Debug|Any CPU
		{2EC955CB-CB7E-4214-BDD0-424C32ADE337}.Release|Any CPU.ActiveCfg = Release|Any CPU
		{2EC955CB-CB7E-4214-BDD0-424C32ADE337}.Release|Any CPU.Build.0 = Release|Any CPU
		{2EC955CB-CB7E-4214-BDD0-424C32ADE337}.Release|x64.ActiveCfg = Release|Any CPU
		{2EC955CB-CB7E-4214-BDD0-424C32ADE337}.Release|x64.Build.0 = Release|Any CPU
		{2EC955CB-CB7E-4214-BDD0-424C32ADE337}.Release|x86.ActiveCfg = Release|Any CPU
		{2EC955CB-CB7E-4214-BDD0-424C32ADE337}.Release|x86.Build.0 = Release|Any CPU
		{1D124800-A5C2-4CAB-9744-DB34FC12F8D2}.Debug|Any CPU.ActiveCfg = Debug|Any CPU
		{1D124800-A5C2-4CAB-9744-DB34FC12F8D2}.Debug|Any CPU.Build.0 = Debug|Any CPU
		{1D124800-A5C2-4CAB-9744-DB34FC12F8D2}.Debug|x64.ActiveCfg = Debug|Any CPU
		{1D124800-A5C2-4CAB-9744-DB34FC12F8D2}.Debug|x64.Build.0 = Debug|Any CPU
		{1D124800-A5C2-4CAB-9744-DB34FC12F8D2}.Debug|x86.ActiveCfg = Debug|Any CPU
		{1D124800-A5C2-4CAB-9744-DB34FC12F8D2}.Debug|x86.Build.0 = Debug|Any CPU
		{1D124800-A5C2-4CAB-9744-DB34FC12F8D2}.Release|Any CPU.ActiveCfg = Release|Any CPU
		{1D124800-A5C2-4CAB-9744-DB34FC12F8D2}.Release|Any CPU.Build.0 = Release|Any CPU
		{1D124800-A5C2-4CAB-9744-DB34FC12F8D2}.Release|x64.ActiveCfg = Release|Any CPU
		{1D124800-A5C2-4CAB-9744-DB34FC12F8D2}.Release|x64.Build.0 = Release|Any CPU
		{1D124800-A5C2-4CAB-9744-DB34FC12F8D2}.Release|x86.ActiveCfg = Release|Any CPU
		{1D124800-A5C2-4CAB-9744-DB34FC12F8D2}.Release|x86.Build.0 = Release|Any CPU
		{3D55D6D6-F373-42D8-A3FB-4B1737C722A4}.Debug|Any CPU.ActiveCfg = Debug|Any CPU
		{3D55D6D6-F373-42D8-A3FB-4B1737C722A4}.Debug|Any CPU.Build.0 = Debug|Any CPU
		{3D55D6D6-F373-42D8-A3FB-4B1737C722A4}.Debug|x64.ActiveCfg = Debug|Any CPU
		{3D55D6D6-F373-42D8-A3FB-4B1737C722A4}.Debug|x64.Build.0 = Debug|Any CPU
		{3D55D6D6-F373-42D8-A3FB-4B1737C722A4}.Debug|x86.ActiveCfg = Debug|Any CPU
		{3D55D6D6-F373-42D8-A3FB-4B1737C722A4}.Debug|x86.Build.0 = Debug|Any CPU
		{3D55D6D6-F373-42D8-A3FB-4B1737C722A4}.Release|Any CPU.ActiveCfg = Release|Any CPU
		{3D55D6D6-F373-42D8-A3FB-4B1737C722A4}.Release|Any CPU.Build.0 = Release|Any CPU
		{3D55D6D6-F373-42D8-A3FB-4B1737C722A4}.Release|x64.ActiveCfg = Release|Any CPU
		{3D55D6D6-F373-42D8-A3FB-4B1737C722A4}.Release|x64.Build.0 = Release|Any CPU
		{3D55D6D6-F373-42D8-A3FB-4B1737C722A4}.Release|x86.ActiveCfg = Release|Any CPU
		{3D55D6D6-F373-42D8-A3FB-4B1737C722A4}.Release|x86.Build.0 = Release|Any CPU
		{6E4415B0-C995-480B-A082-B11D220040CE}.Debug|Any CPU.ActiveCfg = Debug|Any CPU
		{6E4415B0-C995-480B-A082-B11D220040CE}.Debug|Any CPU.Build.0 = Debug|Any CPU
		{6E4415B0-C995-480B-A082-B11D220040CE}.Debug|x64.ActiveCfg = Debug|Any CPU
		{6E4415B0-C995-480B-A082-B11D220040CE}.Debug|x64.Build.0 = Debug|Any CPU
		{6E4415B0-C995-480B-A082-B11D220040CE}.Debug|x86.ActiveCfg = Debug|Any CPU
		{6E4415B0-C995-480B-A082-B11D220040CE}.Debug|x86.Build.0 = Debug|Any CPU
		{6E4415B0-C995-480B-A082-B11D220040CE}.Release|Any CPU.ActiveCfg = Release|Any CPU
		{6E4415B0-C995-480B-A082-B11D220040CE}.Release|Any CPU.Build.0 = Release|Any CPU
		{6E4415B0-C995-480B-A082-B11D220040CE}.Release|x64.ActiveCfg = Release|Any CPU
		{6E4415B0-C995-480B-A082-B11D220040CE}.Release|x64.Build.0 = Release|Any CPU
		{6E4415B0-C995-480B-A082-B11D220040CE}.Release|x86.ActiveCfg = Release|Any CPU
		{6E4415B0-C995-480B-A082-B11D220040CE}.Release|x86.Build.0 = Release|Any CPU
		{5904DA84-8D16-441B-8A4B-CB7842241286}.Debug|Any CPU.ActiveCfg = Debug|Any CPU
		{5904DA84-8D16-441B-8A4B-CB7842241286}.Debug|Any CPU.Build.0 = Debug|Any CPU
		{5904DA84-8D16-441B-8A4B-CB7842241286}.Debug|x64.ActiveCfg = Debug|Any CPU
		{5904DA84-8D16-441B-8A4B-CB7842241286}.Debug|x64.Build.0 = Debug|Any CPU
		{5904DA84-8D16-441B-8A4B-CB7842241286}.Debug|x86.ActiveCfg = Debug|Any CPU
		{5904DA84-8D16-441B-8A4B-CB7842241286}.Debug|x86.Build.0 = Debug|Any CPU
		{5904DA84-8D16-441B-8A4B-CB7842241286}.Release|Any CPU.ActiveCfg = Release|Any CPU
		{5904DA84-8D16-441B-8A4B-CB7842241286}.Release|Any CPU.Build.0 = Release|Any CPU
		{5904DA84-8D16-441B-8A4B-CB7842241286}.Release|x64.ActiveCfg = Release|Any CPU
		{5904DA84-8D16-441B-8A4B-CB7842241286}.Release|x64.Build.0 = Release|Any CPU
		{5904DA84-8D16-441B-8A4B-CB7842241286}.Release|x86.ActiveCfg = Release|Any CPU
		{5904DA84-8D16-441B-8A4B-CB7842241286}.Release|x86.Build.0 = Release|Any CPU
		{E4716AA7-8631-4FEC-BC9E-1A88E8509645}.Debug|Any CPU.ActiveCfg = Debug|Any CPU
		{E4716AA7-8631-4FEC-BC9E-1A88E8509645}.Debug|Any CPU.Build.0 = Debug|Any CPU
		{E4716AA7-8631-4FEC-BC9E-1A88E8509645}.Debug|x64.ActiveCfg = Debug|Any CPU
		{E4716AA7-8631-4FEC-BC9E-1A88E8509645}.Debug|x64.Build.0 = Debug|Any CPU
		{E4716AA7-8631-4FEC-BC9E-1A88E8509645}.Debug|x86.ActiveCfg = Debug|Any CPU
		{E4716AA7-8631-4FEC-BC9E-1A88E8509645}.Debug|x86.Build.0 = Debug|Any CPU
		{E4716AA7-8631-4FEC-BC9E-1A88E8509645}.Release|Any CPU.ActiveCfg = Release|Any CPU
		{E4716AA7-8631-4FEC-BC9E-1A88E8509645}.Release|Any CPU.Build.0 = Release|Any CPU
		{E4716AA7-8631-4FEC-BC9E-1A88E8509645}.Release|x64.ActiveCfg = Release|Any CPU
		{E4716AA7-8631-4FEC-BC9E-1A88E8509645}.Release|x64.Build.0 = Release|Any CPU
		{E4716AA7-8631-4FEC-BC9E-1A88E8509645}.Release|x86.ActiveCfg = Release|Any CPU
		{E4716AA7-8631-4FEC-BC9E-1A88E8509645}.Release|x86.Build.0 = Release|Any CPU
		{9975845D-0CAC-479B-8ADF-17A810D626F9}.Debug|Any CPU.ActiveCfg = Debug|Any CPU
		{9975845D-0CAC-479B-8ADF-17A810D626F9}.Debug|Any CPU.Build.0 = Debug|Any CPU
		{9975845D-0CAC-479B-8ADF-17A810D626F9}.Debug|x64.ActiveCfg = Debug|Any CPU
		{9975845D-0CAC-479B-8ADF-17A810D626F9}.Debug|x64.Build.0 = Debug|Any CPU
		{9975845D-0CAC-479B-8ADF-17A810D626F9}.Debug|x86.ActiveCfg = Debug|Any CPU
		{9975845D-0CAC-479B-8ADF-17A810D626F9}.Debug|x86.Build.0 = Debug|Any CPU
		{9975845D-0CAC-479B-8ADF-17A810D626F9}.Release|Any CPU.ActiveCfg = Release|Any CPU
		{9975845D-0CAC-479B-8ADF-17A810D626F9}.Release|Any CPU.Build.0 = Release|Any CPU
		{9975845D-0CAC-479B-8ADF-17A810D626F9}.Release|x64.ActiveCfg = Release|Any CPU
		{9975845D-0CAC-479B-8ADF-17A810D626F9}.Release|x64.Build.0 = Release|Any CPU
		{9975845D-0CAC-479B-8ADF-17A810D626F9}.Release|x86.ActiveCfg = Release|Any CPU
		{9975845D-0CAC-479B-8ADF-17A810D626F9}.Release|x86.Build.0 = Release|Any CPU
		{F2D9D19D-5CB6-4DFE-BB72-128CCCC2933D}.Debug|Any CPU.ActiveCfg = Debug|Any CPU
		{F2D9D19D-5CB6-4DFE-BB72-128CCCC2933D}.Debug|Any CPU.Build.0 = Debug|Any CPU
		{F2D9D19D-5CB6-4DFE-BB72-128CCCC2933D}.Debug|x64.ActiveCfg = Debug|Any CPU
		{F2D9D19D-5CB6-4DFE-BB72-128CCCC2933D}.Debug|x64.Build.0 = Debug|Any CPU
		{F2D9D19D-5CB6-4DFE-BB72-128CCCC2933D}.Debug|x86.ActiveCfg = Debug|Any CPU
		{F2D9D19D-5CB6-4DFE-BB72-128CCCC2933D}.Debug|x86.Build.0 = Debug|Any CPU
		{F2D9D19D-5CB6-4DFE-BB72-128CCCC2933D}.Release|Any CPU.ActiveCfg = Release|Any CPU
		{F2D9D19D-5CB6-4DFE-BB72-128CCCC2933D}.Release|Any CPU.Build.0 = Release|Any CPU
		{F2D9D19D-5CB6-4DFE-BB72-128CCCC2933D}.Release|x64.ActiveCfg = Release|Any CPU
		{F2D9D19D-5CB6-4DFE-BB72-128CCCC2933D}.Release|x64.Build.0 = Release|Any CPU
		{F2D9D19D-5CB6-4DFE-BB72-128CCCC2933D}.Release|x86.ActiveCfg = Release|Any CPU
		{F2D9D19D-5CB6-4DFE-BB72-128CCCC2933D}.Release|x86.Build.0 = Release|Any CPU
		{9FED1C33-90FB-47F9-B80D-5F80B4364321}.Debug|Any CPU.ActiveCfg = Debug|Any CPU
		{9FED1C33-90FB-47F9-B80D-5F80B4364321}.Debug|Any CPU.Build.0 = Debug|Any CPU
		{9FED1C33-90FB-47F9-B80D-5F80B4364321}.Debug|x64.ActiveCfg = Debug|Any CPU
		{9FED1C33-90FB-47F9-B80D-5F80B4364321}.Debug|x64.Build.0 = Debug|Any CPU
		{9FED1C33-90FB-47F9-B80D-5F80B4364321}.Debug|x86.ActiveCfg = Debug|Any CPU
		{9FED1C33-90FB-47F9-B80D-5F80B4364321}.Debug|x86.Build.0 = Debug|Any CPU
		{9FED1C33-90FB-47F9-B80D-5F80B4364321}.Release|Any CPU.ActiveCfg = Release|Any CPU
		{9FED1C33-90FB-47F9-B80D-5F80B4364321}.Release|Any CPU.Build.0 = Release|Any CPU
		{9FED1C33-90FB-47F9-B80D-5F80B4364321}.Release|x64.ActiveCfg = Release|Any CPU
		{9FED1C33-90FB-47F9-B80D-5F80B4364321}.Release|x64.Build.0 = Release|Any CPU
		{9FED1C33-90FB-47F9-B80D-5F80B4364321}.Release|x86.ActiveCfg = Release|Any CPU
		{9FED1C33-90FB-47F9-B80D-5F80B4364321}.Release|x86.Build.0 = Release|Any CPU
		{C0CCA10F-6822-4B95-841E-F9E527ECADC1}.Debug|Any CPU.ActiveCfg = Debug|Any CPU
		{C0CCA10F-6822-4B95-841E-F9E527ECADC1}.Debug|Any CPU.Build.0 = Debug|Any CPU
		{C0CCA10F-6822-4B95-841E-F9E527ECADC1}.Debug|x64.ActiveCfg = Debug|Any CPU
		{C0CCA10F-6822-4B95-841E-F9E527ECADC1}.Debug|x64.Build.0 = Debug|Any CPU
		{C0CCA10F-6822-4B95-841E-F9E527ECADC1}.Debug|x86.ActiveCfg = Debug|Any CPU
		{C0CCA10F-6822-4B95-841E-F9E527ECADC1}.Debug|x86.Build.0 = Debug|Any CPU
		{C0CCA10F-6822-4B95-841E-F9E527ECADC1}.Release|Any CPU.ActiveCfg = Release|Any CPU
		{C0CCA10F-6822-4B95-841E-F9E527ECADC1}.Release|Any CPU.Build.0 = Release|Any CPU
		{C0CCA10F-6822-4B95-841E-F9E527ECADC1}.Release|x64.ActiveCfg = Release|Any CPU
		{C0CCA10F-6822-4B95-841E-F9E527ECADC1}.Release|x64.Build.0 = Release|Any CPU
		{C0CCA10F-6822-4B95-841E-F9E527ECADC1}.Release|x86.ActiveCfg = Release|Any CPU
		{C0CCA10F-6822-4B95-841E-F9E527ECADC1}.Release|x86.Build.0 = Release|Any CPU
		{FEB2EA0A-9B12-4F68-B29E-6C07AC5902EC}.Debug|Any CPU.ActiveCfg = Debug|Any CPU
		{FEB2EA0A-9B12-4F68-B29E-6C07AC5902EC}.Debug|Any CPU.Build.0 = Debug|Any CPU
		{FEB2EA0A-9B12-4F68-B29E-6C07AC5902EC}.Debug|x64.ActiveCfg = Debug|Any CPU
		{FEB2EA0A-9B12-4F68-B29E-6C07AC5902EC}.Debug|x64.Build.0 = Debug|Any CPU
		{FEB2EA0A-9B12-4F68-B29E-6C07AC5902EC}.Debug|x86.ActiveCfg = Debug|Any CPU
		{FEB2EA0A-9B12-4F68-B29E-6C07AC5902EC}.Debug|x86.Build.0 = Debug|Any CPU
		{FEB2EA0A-9B12-4F68-B29E-6C07AC5902EC}.Release|Any CPU.ActiveCfg = Release|Any CPU
		{FEB2EA0A-9B12-4F68-B29E-6C07AC5902EC}.Release|Any CPU.Build.0 = Release|Any CPU
		{FEB2EA0A-9B12-4F68-B29E-6C07AC5902EC}.Release|x64.ActiveCfg = Release|Any CPU
		{FEB2EA0A-9B12-4F68-B29E-6C07AC5902EC}.Release|x64.Build.0 = Release|Any CPU
		{FEB2EA0A-9B12-4F68-B29E-6C07AC5902EC}.Release|x86.ActiveCfg = Release|Any CPU
		{FEB2EA0A-9B12-4F68-B29E-6C07AC5902EC}.Release|x86.Build.0 = Release|Any CPU
		{5C66A512-4DF5-41F6-8B06-031F28E42EDE}.Debug|Any CPU.ActiveCfg = Debug|Any CPU
		{5C66A512-4DF5-41F6-8B06-031F28E42EDE}.Debug|Any CPU.Build.0 = Debug|Any CPU
		{5C66A512-4DF5-41F6-8B06-031F28E42EDE}.Debug|x64.ActiveCfg = Debug|Any CPU
		{5C66A512-4DF5-41F6-8B06-031F28E42EDE}.Debug|x64.Build.0 = Debug|Any CPU
		{5C66A512-4DF5-41F6-8B06-031F28E42EDE}.Debug|x86.ActiveCfg = Debug|Any CPU
		{5C66A512-4DF5-41F6-8B06-031F28E42EDE}.Debug|x86.Build.0 = Debug|Any CPU
		{5C66A512-4DF5-41F6-8B06-031F28E42EDE}.Release|Any CPU.ActiveCfg = Release|Any CPU
		{5C66A512-4DF5-41F6-8B06-031F28E42EDE}.Release|Any CPU.Build.0 = Release|Any CPU
		{5C66A512-4DF5-41F6-8B06-031F28E42EDE}.Release|x64.ActiveCfg = Release|Any CPU
		{5C66A512-4DF5-41F6-8B06-031F28E42EDE}.Release|x64.Build.0 = Release|Any CPU
		{5C66A512-4DF5-41F6-8B06-031F28E42EDE}.Release|x86.ActiveCfg = Release|Any CPU
		{5C66A512-4DF5-41F6-8B06-031F28E42EDE}.Release|x86.Build.0 = Release|Any CPU
		{CB5E92C0-0E30-42C8-BBF4-4DEE0501FF11}.Debug|Any CPU.ActiveCfg = Debug|Any CPU
		{CB5E92C0-0E30-42C8-BBF4-4DEE0501FF11}.Debug|Any CPU.Build.0 = Debug|Any CPU
		{CB5E92C0-0E30-42C8-BBF4-4DEE0501FF11}.Debug|x64.ActiveCfg = Debug|Any CPU
		{CB5E92C0-0E30-42C8-BBF4-4DEE0501FF11}.Debug|x64.Build.0 = Debug|Any CPU
		{CB5E92C0-0E30-42C8-BBF4-4DEE0501FF11}.Debug|x86.ActiveCfg = Debug|Any CPU
		{CB5E92C0-0E30-42C8-BBF4-4DEE0501FF11}.Debug|x86.Build.0 = Debug|Any CPU
		{CB5E92C0-0E30-42C8-BBF4-4DEE0501FF11}.Release|Any CPU.ActiveCfg = Release|Any CPU
		{CB5E92C0-0E30-42C8-BBF4-4DEE0501FF11}.Release|Any CPU.Build.0 = Release|Any CPU
		{CB5E92C0-0E30-42C8-BBF4-4DEE0501FF11}.Release|x64.ActiveCfg = Release|Any CPU
		{CB5E92C0-0E30-42C8-BBF4-4DEE0501FF11}.Release|x64.Build.0 = Release|Any CPU
		{CB5E92C0-0E30-42C8-BBF4-4DEE0501FF11}.Release|x86.ActiveCfg = Release|Any CPU
		{CB5E92C0-0E30-42C8-BBF4-4DEE0501FF11}.Release|x86.Build.0 = Release|Any CPU
		{94E77A1B-BC96-418D-8B8A-38BFFBE73B47}.Debug|Any CPU.ActiveCfg = Debug|Any CPU
		{94E77A1B-BC96-418D-8B8A-38BFFBE73B47}.Debug|Any CPU.Build.0 = Debug|Any CPU
		{94E77A1B-BC96-418D-8B8A-38BFFBE73B47}.Debug|x64.ActiveCfg = Debug|Any CPU
		{94E77A1B-BC96-418D-8B8A-38BFFBE73B47}.Debug|x64.Build.0 = Debug|Any CPU
		{94E77A1B-BC96-418D-8B8A-38BFFBE73B47}.Debug|x86.ActiveCfg = Debug|Any CPU
		{94E77A1B-BC96-418D-8B8A-38BFFBE73B47}.Debug|x86.Build.0 = Debug|Any CPU
		{94E77A1B-BC96-418D-8B8A-38BFFBE73B47}.Release|Any CPU.ActiveCfg = Release|Any CPU
		{94E77A1B-BC96-418D-8B8A-38BFFBE73B47}.Release|Any CPU.Build.0 = Release|Any CPU
		{94E77A1B-BC96-418D-8B8A-38BFFBE73B47}.Release|x64.ActiveCfg = Release|Any CPU
		{94E77A1B-BC96-418D-8B8A-38BFFBE73B47}.Release|x64.Build.0 = Release|Any CPU
		{94E77A1B-BC96-418D-8B8A-38BFFBE73B47}.Release|x86.ActiveCfg = Release|Any CPU
		{94E77A1B-BC96-418D-8B8A-38BFFBE73B47}.Release|x86.Build.0 = Release|Any CPU
		{A47EB5CB-E72E-4418-A8B3-D3D6DAFF1FEE}.Debug|Any CPU.ActiveCfg = Debug|Any CPU
		{A47EB5CB-E72E-4418-A8B3-D3D6DAFF1FEE}.Debug|Any CPU.Build.0 = Debug|Any CPU
		{A47EB5CB-E72E-4418-A8B3-D3D6DAFF1FEE}.Debug|x64.ActiveCfg = Debug|Any CPU
		{A47EB5CB-E72E-4418-A8B3-D3D6DAFF1FEE}.Debug|x64.Build.0 = Debug|Any CPU
		{A47EB5CB-E72E-4418-A8B3-D3D6DAFF1FEE}.Debug|x86.ActiveCfg = Debug|Any CPU
		{A47EB5CB-E72E-4418-A8B3-D3D6DAFF1FEE}.Debug|x86.Build.0 = Debug|Any CPU
		{A47EB5CB-E72E-4418-A8B3-D3D6DAFF1FEE}.Release|Any CPU.ActiveCfg = Release|Any CPU
		{A47EB5CB-E72E-4418-A8B3-D3D6DAFF1FEE}.Release|Any CPU.Build.0 = Release|Any CPU
		{A47EB5CB-E72E-4418-A8B3-D3D6DAFF1FEE}.Release|x64.ActiveCfg = Release|Any CPU
		{A47EB5CB-E72E-4418-A8B3-D3D6DAFF1FEE}.Release|x64.Build.0 = Release|Any CPU
		{A47EB5CB-E72E-4418-A8B3-D3D6DAFF1FEE}.Release|x86.ActiveCfg = Release|Any CPU
		{A47EB5CB-E72E-4418-A8B3-D3D6DAFF1FEE}.Release|x86.Build.0 = Release|Any CPU
		{7DA00169-A58D-44AF-92B7-D9F5221A72E1}.Debug|Any CPU.ActiveCfg = Debug|Any CPU
		{7DA00169-A58D-44AF-92B7-D9F5221A72E1}.Debug|Any CPU.Build.0 = Debug|Any CPU
		{7DA00169-A58D-44AF-92B7-D9F5221A72E1}.Debug|x64.ActiveCfg = Debug|Any CPU
		{7DA00169-A58D-44AF-92B7-D9F5221A72E1}.Debug|x64.Build.0 = Debug|Any CPU
		{7DA00169-A58D-44AF-92B7-D9F5221A72E1}.Debug|x86.ActiveCfg = Debug|Any CPU
		{7DA00169-A58D-44AF-92B7-D9F5221A72E1}.Debug|x86.Build.0 = Debug|Any CPU
		{7DA00169-A58D-44AF-92B7-D9F5221A72E1}.Release|Any CPU.ActiveCfg = Release|Any CPU
		{7DA00169-A58D-44AF-92B7-D9F5221A72E1}.Release|Any CPU.Build.0 = Release|Any CPU
		{7DA00169-A58D-44AF-92B7-D9F5221A72E1}.Release|x64.ActiveCfg = Release|Any CPU
		{7DA00169-A58D-44AF-92B7-D9F5221A72E1}.Release|x64.Build.0 = Release|Any CPU
		{7DA00169-A58D-44AF-92B7-D9F5221A72E1}.Release|x86.ActiveCfg = Release|Any CPU
		{7DA00169-A58D-44AF-92B7-D9F5221A72E1}.Release|x86.Build.0 = Release|Any CPU
		{EA6D2855-D14E-43CA-BDFF-0BD0CAB26D9B}.Debug|Any CPU.ActiveCfg = Debug|Any CPU
		{EA6D2855-D14E-43CA-BDFF-0BD0CAB26D9B}.Debug|Any CPU.Build.0 = Debug|Any CPU
		{EA6D2855-D14E-43CA-BDFF-0BD0CAB26D9B}.Debug|x64.ActiveCfg = Debug|Any CPU
		{EA6D2855-D14E-43CA-BDFF-0BD0CAB26D9B}.Debug|x64.Build.0 = Debug|Any CPU
		{EA6D2855-D14E-43CA-BDFF-0BD0CAB26D9B}.Debug|x86.ActiveCfg = Debug|Any CPU
		{EA6D2855-D14E-43CA-BDFF-0BD0CAB26D9B}.Debug|x86.Build.0 = Debug|Any CPU
		{EA6D2855-D14E-43CA-BDFF-0BD0CAB26D9B}.Release|Any CPU.ActiveCfg = Release|Any CPU
		{EA6D2855-D14E-43CA-BDFF-0BD0CAB26D9B}.Release|Any CPU.Build.0 = Release|Any CPU
		{EA6D2855-D14E-43CA-BDFF-0BD0CAB26D9B}.Release|x64.ActiveCfg = Release|Any CPU
		{EA6D2855-D14E-43CA-BDFF-0BD0CAB26D9B}.Release|x64.Build.0 = Release|Any CPU
		{EA6D2855-D14E-43CA-BDFF-0BD0CAB26D9B}.Release|x86.ActiveCfg = Release|Any CPU
		{EA6D2855-D14E-43CA-BDFF-0BD0CAB26D9B}.Release|x86.Build.0 = Release|Any CPU
		{7058FF20-C56B-4386-937A-D3248F4BD78C}.Debug|Any CPU.ActiveCfg = Debug|Any CPU
		{7058FF20-C56B-4386-937A-D3248F4BD78C}.Debug|Any CPU.Build.0 = Debug|Any CPU
		{7058FF20-C56B-4386-937A-D3248F4BD78C}.Debug|x64.ActiveCfg = Debug|Any CPU
		{7058FF20-C56B-4386-937A-D3248F4BD78C}.Debug|x64.Build.0 = Debug|Any CPU
		{7058FF20-C56B-4386-937A-D3248F4BD78C}.Debug|x86.ActiveCfg = Debug|Any CPU
		{7058FF20-C56B-4386-937A-D3248F4BD78C}.Debug|x86.Build.0 = Debug|Any CPU
		{7058FF20-C56B-4386-937A-D3248F4BD78C}.Release|Any CPU.ActiveCfg = Release|Any CPU
		{7058FF20-C56B-4386-937A-D3248F4BD78C}.Release|Any CPU.Build.0 = Release|Any CPU
		{7058FF20-C56B-4386-937A-D3248F4BD78C}.Release|x64.ActiveCfg = Release|Any CPU
		{7058FF20-C56B-4386-937A-D3248F4BD78C}.Release|x64.Build.0 = Release|Any CPU
		{7058FF20-C56B-4386-937A-D3248F4BD78C}.Release|x86.ActiveCfg = Release|Any CPU
		{7058FF20-C56B-4386-937A-D3248F4BD78C}.Release|x86.Build.0 = Release|Any CPU
		{42E37260-7974-40D3-A06A-06535FAFF5AE}.Debug|Any CPU.ActiveCfg = Debug|Any CPU
		{42E37260-7974-40D3-A06A-06535FAFF5AE}.Debug|Any CPU.Build.0 = Debug|Any CPU
		{42E37260-7974-40D3-A06A-06535FAFF5AE}.Debug|x64.ActiveCfg = Debug|Any CPU
		{42E37260-7974-40D3-A06A-06535FAFF5AE}.Debug|x64.Build.0 = Debug|Any CPU
		{42E37260-7974-40D3-A06A-06535FAFF5AE}.Debug|x86.ActiveCfg = Debug|Any CPU
		{42E37260-7974-40D3-A06A-06535FAFF5AE}.Debug|x86.Build.0 = Debug|Any CPU
		{42E37260-7974-40D3-A06A-06535FAFF5AE}.Release|Any CPU.ActiveCfg = Release|Any CPU
		{42E37260-7974-40D3-A06A-06535FAFF5AE}.Release|Any CPU.Build.0 = Release|Any CPU
		{42E37260-7974-40D3-A06A-06535FAFF5AE}.Release|x64.ActiveCfg = Release|Any CPU
		{42E37260-7974-40D3-A06A-06535FAFF5AE}.Release|x64.Build.0 = Release|Any CPU
		{42E37260-7974-40D3-A06A-06535FAFF5AE}.Release|x86.ActiveCfg = Release|Any CPU
		{42E37260-7974-40D3-A06A-06535FAFF5AE}.Release|x86.Build.0 = Release|Any CPU
		{A05B4BA5-9006-4FE6-AA2D-19F03FAC3D16}.Debug|Any CPU.ActiveCfg = Debug|Any CPU
		{A05B4BA5-9006-4FE6-AA2D-19F03FAC3D16}.Debug|Any CPU.Build.0 = Debug|Any CPU
		{A05B4BA5-9006-4FE6-AA2D-19F03FAC3D16}.Debug|x64.ActiveCfg = Debug|Any CPU
		{A05B4BA5-9006-4FE6-AA2D-19F03FAC3D16}.Debug|x64.Build.0 = Debug|Any CPU
		{A05B4BA5-9006-4FE6-AA2D-19F03FAC3D16}.Debug|x86.ActiveCfg = Debug|Any CPU
		{A05B4BA5-9006-4FE6-AA2D-19F03FAC3D16}.Debug|x86.Build.0 = Debug|Any CPU
		{A05B4BA5-9006-4FE6-AA2D-19F03FAC3D16}.Release|Any CPU.ActiveCfg = Release|Any CPU
		{A05B4BA5-9006-4FE6-AA2D-19F03FAC3D16}.Release|Any CPU.Build.0 = Release|Any CPU
		{A05B4BA5-9006-4FE6-AA2D-19F03FAC3D16}.Release|x64.ActiveCfg = Release|Any CPU
		{A05B4BA5-9006-4FE6-AA2D-19F03FAC3D16}.Release|x64.Build.0 = Release|Any CPU
		{A05B4BA5-9006-4FE6-AA2D-19F03FAC3D16}.Release|x86.ActiveCfg = Release|Any CPU
		{A05B4BA5-9006-4FE6-AA2D-19F03FAC3D16}.Release|x86.Build.0 = Release|Any CPU
		{A5420B29-2CD7-13A8-5A30-2941E2AEADF1}.Debug|Any CPU.ActiveCfg = Debug|Any CPU
		{A5420B29-2CD7-13A8-5A30-2941E2AEADF1}.Debug|Any CPU.Build.0 = Debug|Any CPU
		{A5420B29-2CD7-13A8-5A30-2941E2AEADF1}.Debug|x64.ActiveCfg = Debug|Any CPU
		{A5420B29-2CD7-13A8-5A30-2941E2AEADF1}.Debug|x64.Build.0 = Debug|Any CPU
		{A5420B29-2CD7-13A8-5A30-2941E2AEADF1}.Debug|x86.ActiveCfg = Debug|Any CPU
		{A5420B29-2CD7-13A8-5A30-2941E2AEADF1}.Debug|x86.Build.0 = Debug|Any CPU
		{A5420B29-2CD7-13A8-5A30-2941E2AEADF1}.Release|Any CPU.ActiveCfg = Release|Any CPU
		{A5420B29-2CD7-13A8-5A30-2941E2AEADF1}.Release|Any CPU.Build.0 = Release|Any CPU
		{A5420B29-2CD7-13A8-5A30-2941E2AEADF1}.Release|x64.ActiveCfg = Release|Any CPU
		{A5420B29-2CD7-13A8-5A30-2941E2AEADF1}.Release|x64.Build.0 = Release|Any CPU
		{A5420B29-2CD7-13A8-5A30-2941E2AEADF1}.Release|x86.ActiveCfg = Release|Any CPU
		{A5420B29-2CD7-13A8-5A30-2941E2AEADF1}.Release|x86.Build.0 = Release|Any CPU
		{DE33F68D-C2FE-82C0-CD4B-555D78509ECF}.Debug|Any CPU.ActiveCfg = Debug|Any CPU
		{DE33F68D-C2FE-82C0-CD4B-555D78509ECF}.Debug|Any CPU.Build.0 = Debug|Any CPU
		{DE33F68D-C2FE-82C0-CD4B-555D78509ECF}.Debug|x64.ActiveCfg = Debug|Any CPU
		{DE33F68D-C2FE-82C0-CD4B-555D78509ECF}.Debug|x64.Build.0 = Debug|Any CPU
		{DE33F68D-C2FE-82C0-CD4B-555D78509ECF}.Debug|x86.ActiveCfg = Debug|Any CPU
		{DE33F68D-C2FE-82C0-CD4B-555D78509ECF}.Debug|x86.Build.0 = Debug|Any CPU
		{DE33F68D-C2FE-82C0-CD4B-555D78509ECF}.Release|Any CPU.ActiveCfg = Release|Any CPU
		{DE33F68D-C2FE-82C0-CD4B-555D78509ECF}.Release|Any CPU.Build.0 = Release|Any CPU
		{DE33F68D-C2FE-82C0-CD4B-555D78509ECF}.Release|x64.ActiveCfg = Release|Any CPU
		{DE33F68D-C2FE-82C0-CD4B-555D78509ECF}.Release|x64.Build.0 = Release|Any CPU
		{DE33F68D-C2FE-82C0-CD4B-555D78509ECF}.Release|x86.ActiveCfg = Release|Any CPU
		{DE33F68D-C2FE-82C0-CD4B-555D78509ECF}.Release|x86.Build.0 = Release|Any CPU
		{599748D3-0251-48F4-9B51-FCA97D1343D8}.Debug|Any CPU.ActiveCfg = Debug|Any CPU
		{599748D3-0251-48F4-9B51-FCA97D1343D8}.Debug|Any CPU.Build.0 = Debug|Any CPU
		{599748D3-0251-48F4-9B51-FCA97D1343D8}.Debug|x64.ActiveCfg = Debug|Any CPU
		{599748D3-0251-48F4-9B51-FCA97D1343D8}.Debug|x64.Build.0 = Debug|Any CPU
		{599748D3-0251-48F4-9B51-FCA97D1343D8}.Debug|x86.ActiveCfg = Debug|Any CPU
		{599748D3-0251-48F4-9B51-FCA97D1343D8}.Debug|x86.Build.0 = Debug|Any CPU
		{599748D3-0251-48F4-9B51-FCA97D1343D8}.Release|Any CPU.ActiveCfg = Release|Any CPU
		{599748D3-0251-48F4-9B51-FCA97D1343D8}.Release|Any CPU.Build.0 = Release|Any CPU
		{599748D3-0251-48F4-9B51-FCA97D1343D8}.Release|x64.ActiveCfg = Release|Any CPU
		{599748D3-0251-48F4-9B51-FCA97D1343D8}.Release|x64.Build.0 = Release|Any CPU
		{599748D3-0251-48F4-9B51-FCA97D1343D8}.Release|x86.ActiveCfg = Release|Any CPU
		{599748D3-0251-48F4-9B51-FCA97D1343D8}.Release|x86.Build.0 = Release|Any CPU
		{F4E21FF0-6264-4EBE-B9D7-9FFBAF766911}.Debug|Any CPU.ActiveCfg = Debug|Any CPU
		{F4E21FF0-6264-4EBE-B9D7-9FFBAF766911}.Debug|Any CPU.Build.0 = Debug|Any CPU
		{F4E21FF0-6264-4EBE-B9D7-9FFBAF766911}.Debug|x64.ActiveCfg = Debug|Any CPU
		{F4E21FF0-6264-4EBE-B9D7-9FFBAF766911}.Debug|x64.Build.0 = Debug|Any CPU
		{F4E21FF0-6264-4EBE-B9D7-9FFBAF766911}.Debug|x86.ActiveCfg = Debug|Any CPU
		{F4E21FF0-6264-4EBE-B9D7-9FFBAF766911}.Debug|x86.Build.0 = Debug|Any CPU
		{F4E21FF0-6264-4EBE-B9D7-9FFBAF766911}.Release|Any CPU.ActiveCfg = Release|Any CPU
		{F4E21FF0-6264-4EBE-B9D7-9FFBAF766911}.Release|Any CPU.Build.0 = Release|Any CPU
		{F4E21FF0-6264-4EBE-B9D7-9FFBAF766911}.Release|x64.ActiveCfg = Release|Any CPU
		{F4E21FF0-6264-4EBE-B9D7-9FFBAF766911}.Release|x64.Build.0 = Release|Any CPU
		{F4E21FF0-6264-4EBE-B9D7-9FFBAF766911}.Release|x86.ActiveCfg = Release|Any CPU
		{F4E21FF0-6264-4EBE-B9D7-9FFBAF766911}.Release|x86.Build.0 = Release|Any CPU
		{828C0A2E-F373-455A-BC86-2D31B2946B14}.Debug|Any CPU.ActiveCfg = Debug|Any CPU
		{828C0A2E-F373-455A-BC86-2D31B2946B14}.Debug|Any CPU.Build.0 = Debug|Any CPU
		{828C0A2E-F373-455A-BC86-2D31B2946B14}.Debug|x64.ActiveCfg = Debug|Any CPU
		{828C0A2E-F373-455A-BC86-2D31B2946B14}.Debug|x64.Build.0 = Debug|Any CPU
		{828C0A2E-F373-455A-BC86-2D31B2946B14}.Debug|x86.ActiveCfg = Debug|Any CPU
		{828C0A2E-F373-455A-BC86-2D31B2946B14}.Debug|x86.Build.0 = Debug|Any CPU
		{828C0A2E-F373-455A-BC86-2D31B2946B14}.Release|Any CPU.ActiveCfg = Release|Any CPU
		{828C0A2E-F373-455A-BC86-2D31B2946B14}.Release|Any CPU.Build.0 = Release|Any CPU
		{828C0A2E-F373-455A-BC86-2D31B2946B14}.Release|x64.ActiveCfg = Release|Any CPU
		{828C0A2E-F373-455A-BC86-2D31B2946B14}.Release|x64.Build.0 = Release|Any CPU
		{828C0A2E-F373-455A-BC86-2D31B2946B14}.Release|x86.ActiveCfg = Release|Any CPU
		{828C0A2E-F373-455A-BC86-2D31B2946B14}.Release|x86.Build.0 = Release|Any CPU
		{CF12ABDA-E60A-4A70-A879-4915D267F40A}.Debug|Any CPU.ActiveCfg = Debug|Any CPU
		{CF12ABDA-E60A-4A70-A879-4915D267F40A}.Debug|Any CPU.Build.0 = Debug|Any CPU
		{CF12ABDA-E60A-4A70-A879-4915D267F40A}.Debug|x64.ActiveCfg = Debug|Any CPU
		{CF12ABDA-E60A-4A70-A879-4915D267F40A}.Debug|x64.Build.0 = Debug|Any CPU
		{CF12ABDA-E60A-4A70-A879-4915D267F40A}.Debug|x86.ActiveCfg = Debug|Any CPU
		{CF12ABDA-E60A-4A70-A879-4915D267F40A}.Debug|x86.Build.0 = Debug|Any CPU
		{CF12ABDA-E60A-4A70-A879-4915D267F40A}.Release|Any CPU.ActiveCfg = Release|Any CPU
		{CF12ABDA-E60A-4A70-A879-4915D267F40A}.Release|Any CPU.Build.0 = Release|Any CPU
		{CF12ABDA-E60A-4A70-A879-4915D267F40A}.Release|x64.ActiveCfg = Release|Any CPU
		{CF12ABDA-E60A-4A70-A879-4915D267F40A}.Release|x64.Build.0 = Release|Any CPU
		{CF12ABDA-E60A-4A70-A879-4915D267F40A}.Release|x86.ActiveCfg = Release|Any CPU
		{CF12ABDA-E60A-4A70-A879-4915D267F40A}.Release|x86.Build.0 = Release|Any CPU
	EndGlobalSection
	GlobalSection(SolutionProperties) = preSolution
		HideSolutionNode = FALSE
	EndGlobalSection
	GlobalSection(NestedProjects) = preSolution
		{5E9A5803-E9BE-4BBE-8C47-5E7C710A30C2} = {02EA681E-C7D8-13C7-8484-4AC65E1B71E8}
		{03CFF8BE-2762-4359-80AD-6EB837BEC319} = {02EA681E-C7D8-13C7-8484-4AC65E1B71E8}
		{8FAC8B8F-D58F-469C-8F8E-2E418B82F377} = {02EA681E-C7D8-13C7-8484-4AC65E1B71E8}
		{523E62F2-A93C-438F-970D-2D01CF7596B3} = {02EA681E-C7D8-13C7-8484-4AC65E1B71E8}
		{0F49DD94-6BE0-4D86-A889-E1F768B2AADD} = {F6632F6E-9777-4C9B-A178-DC2E0041BBE7}
		{43F0B356-AD41-41D9-ACD9-9C0B258FEE8D} = {F6632F6E-9777-4C9B-A178-DC2E0041BBE7}
		{8B746547-0494-42CD-9C1F-4A4CFA03B24E} = {F6632F6E-9777-4C9B-A178-DC2E0041BBE7}
		{5F7C30C5-0293-411F-A7B9-AE49F6DA2A45} = {F6632F6E-9777-4C9B-A178-DC2E0041BBE7}
		{822C71FF-1AC1-4C6D-96C0-92B4AEB637B4} = {F6632F6E-9777-4C9B-A178-DC2E0041BBE7}
		{D1E0CE7C-D426-46A5-9E2F-0106481880E4} = {F6632F6E-9777-4C9B-A178-DC2E0041BBE7}
		{262A6308-24C6-4067-BFEB-69BA75633E00} = {499DEB41-86E0-4280-8888-56826776C57B}
		{2E5CC5C2-58FF-4112-AA0F-F0918E0542DD} = {499DEB41-86E0-4280-8888-56826776C57B}
		{62230967-890B-438F-9FB4-723901A0DCB7} = {F6632F6E-9777-4C9B-A178-DC2E0041BBE7}
		{F6150ACC-7261-4BB3-B1F3-DF032D3515A1} = {D6D6AD59-036A-484B-9E1C-108AED316236}
		{2EC955CB-CB7E-4214-BDD0-424C32ADE337} = {D6D6AD59-036A-484B-9E1C-108AED316236}
		{1D124800-A5C2-4CAB-9744-DB34FC12F8D2} = {D6D6AD59-036A-484B-9E1C-108AED316236}
		{3D55D6D6-F373-42D8-A3FB-4B1737C722A4} = {D6D6AD59-036A-484B-9E1C-108AED316236}
		{6E4415B0-C995-480B-A082-B11D220040CE} = {D6D6AD59-036A-484B-9E1C-108AED316236}
		{5904DA84-8D16-441B-8A4B-CB7842241286} = {D6D6AD59-036A-484B-9E1C-108AED316236}
		{E4716AA7-8631-4FEC-BC9E-1A88E8509645} = {D6D6AD59-036A-484B-9E1C-108AED316236}
		{9975845D-0CAC-479B-8ADF-17A810D626F9} = {D6D6AD59-036A-484B-9E1C-108AED316236}
		{F2D9D19D-5CB6-4DFE-BB72-128CCCC2933D} = {6B3F4F81-AA30-4375-90A4-DCE11F18942F}
		{9FED1C33-90FB-47F9-B80D-5F80B4364321} = {6B3F4F81-AA30-4375-90A4-DCE11F18942F}
		{C0CCA10F-6822-4B95-841E-F9E527ECADC1} = {6B3F4F81-AA30-4375-90A4-DCE11F18942F}
		{FEB2EA0A-9B12-4F68-B29E-6C07AC5902EC} = {6B3F4F81-AA30-4375-90A4-DCE11F18942F}
		{5C66A512-4DF5-41F6-8B06-031F28E42EDE} = {6B3F4F81-AA30-4375-90A4-DCE11F18942F}
		{CB5E92C0-0E30-42C8-BBF4-4DEE0501FF11} = {6B3F4F81-AA30-4375-90A4-DCE11F18942F}
		{94E77A1B-BC96-418D-8B8A-38BFFBE73B47} = {6B3F4F81-AA30-4375-90A4-DCE11F18942F}
		{A47EB5CB-E72E-4418-A8B3-D3D6DAFF1FEE} = {3ED5CEAD-3AA7-4E0C-A5E4-2A5A803A8B52}
		{7DA00169-A58D-44AF-92B7-D9F5221A72E1} = {3ED5CEAD-3AA7-4E0C-A5E4-2A5A803A8B52}
		{EA6D2855-D14E-43CA-BDFF-0BD0CAB26D9B} = {3ED5CEAD-3AA7-4E0C-A5E4-2A5A803A8B52}
		{7058FF20-C56B-4386-937A-D3248F4BD78C} = {6B3F4F81-AA30-4375-90A4-DCE11F18942F}
		{42E37260-7974-40D3-A06A-06535FAFF5AE} = {6B3F4F81-AA30-4375-90A4-DCE11F18942F}
		{A05B4BA5-9006-4FE6-AA2D-19F03FAC3D16} = {6B3F4F81-AA30-4375-90A4-DCE11F18942F}
		{A5420B29-2CD7-13A8-5A30-2941E2AEADF1} = {A76EDCE1-B6F9-4929-A7A7-2A0F4F39EF40}
		{DE33F68D-C2FE-82C0-CD4B-555D78509ECF} = {A76EDCE1-B6F9-4929-A7A7-2A0F4F39EF40}
		{599748D3-0251-48F4-9B51-FCA97D1343D8} = {A76EDCE1-B6F9-4929-A7A7-2A0F4F39EF40}
		{F4E21FF0-6264-4EBE-B9D7-9FFBAF766911} = {A76EDCE1-B6F9-4929-A7A7-2A0F4F39EF40}
		{828C0A2E-F373-455A-BC86-2D31B2946B14} = {A76EDCE1-B6F9-4929-A7A7-2A0F4F39EF40}
		{CF12ABDA-E60A-4A70-A879-4915D267F40A} = {A76EDCE1-B6F9-4929-A7A7-2A0F4F39EF40}
	EndGlobalSection
	GlobalSection(ExtensibilityGlobals) = postSolution
		SolutionGuid = {CA2E6251-EBF8-479B-9A74-48C836A25B99}
	EndGlobalSection
EndGlobal
